// !$*UTF8*$!
{
	archiveVersion = 1;
	classes = {
	};
	objectVersion = 46;
	objects = {

/* Begin PBXBuildFile section */
		7F937BA31F6BFE8C00566EB1 /* Resolver.swift in Sources */ = {isa = PBXBuildFile; fileRef = 7F937BA21F6BFE8C00566EB1 /* Resolver.swift */; };
		OBJ_110 /* Package.swift in Sources */ = {isa = PBXBuildFile; fileRef = OBJ_6 /* Package.swift */; };
		OBJ_116 /* Package.swift in Sources */ = {isa = PBXBuildFile; fileRef = OBJ_63 /* Package.swift */; };
		OBJ_122 /* Package.swift in Sources */ = {isa = PBXBuildFile; fileRef = OBJ_93 /* Package.swift */; };
		OBJ_128 /* Package.swift in Sources */ = {isa = PBXBuildFile; fileRef = OBJ_95 /* Package.swift */; };
		OBJ_134 /* Code.swift in Sources */ = {isa = PBXBuildFile; fileRef = OBJ_11 /* Code.swift */; };
		OBJ_135 /* Extension.swift in Sources */ = {isa = PBXBuildFile; fileRef = OBJ_13 /* Extension.swift */; };
		OBJ_136 /* Function.swift in Sources */ = {isa = PBXBuildFile; fileRef = OBJ_14 /* Function.swift */; };
		OBJ_137 /* Property.swift in Sources */ = {isa = PBXBuildFile; fileRef = OBJ_15 /* Property.swift */; };
		OBJ_138 /* Type.swift in Sources */ = {isa = PBXBuildFile; fileRef = OBJ_16 /* Type.swift */; };
		OBJ_139 /* String+Name.swift in Sources */ = {isa = PBXBuildFile; fileRef = OBJ_18 /* String+Name.swift */; };
		OBJ_140 /* Structure+Property.swift in Sources */ = {isa = PBXBuildFile; fileRef = OBJ_19 /* Structure+Property.swift */; };
		OBJ_141 /* Graph.swift in Sources */ = {isa = PBXBuildFile; fileRef = OBJ_21 /* Graph.swift */; };
		OBJ_142 /* Node.swift in Sources */ = {isa = PBXBuildFile; fileRef = OBJ_22 /* Node.swift */; };
		OBJ_143 /* main.swift in Sources */ = {isa = PBXBuildFile; fileRef = OBJ_23 /* main.swift */; };
		OBJ_145 /* SourceKittenFramework.framework in Frameworks */ = {isa = PBXBuildFile; fileRef = "SourceKitten::SourceKittenFramework::Product" /* SourceKittenFramework.framework */; };
		OBJ_146 /* Yams.framework in Frameworks */ = {isa = PBXBuildFile; fileRef = "Yams::Yams::Product" /* Yams.framework */; };
		OBJ_147 /* CYaml.framework in Frameworks */ = {isa = PBXBuildFile; fileRef = "Yams::CYaml::Product" /* CYaml.framework */; };
		OBJ_148 /* SWXMLHash.framework in Frameworks */ = {isa = PBXBuildFile; fileRef = "SWXMLHash::SWXMLHash::Product" /* SWXMLHash.framework */; };
		OBJ_149 /* DIKit.framework in Frameworks */ = {isa = PBXBuildFile; fileRef = "DIKit::DIKit::Product" /* DIKit.framework */; };
		OBJ_164 /* Clang+SourceKitten.swift in Sources */ = {isa = PBXBuildFile; fileRef = OBJ_28 /* Clang+SourceKitten.swift */; };
		OBJ_165 /* ClangTranslationUnit.swift in Sources */ = {isa = PBXBuildFile; fileRef = OBJ_29 /* ClangTranslationUnit.swift */; };
		OBJ_166 /* CodeCompletionItem.swift in Sources */ = {isa = PBXBuildFile; fileRef = OBJ_30 /* CodeCompletionItem.swift */; };
		OBJ_167 /* Dictionary+Merge.swift in Sources */ = {isa = PBXBuildFile; fileRef = OBJ_31 /* Dictionary+Merge.swift */; };
		OBJ_168 /* Documentation.swift in Sources */ = {isa = PBXBuildFile; fileRef = OBJ_32 /* Documentation.swift */; };
		OBJ_169 /* File.swift in Sources */ = {isa = PBXBuildFile; fileRef = OBJ_33 /* File.swift */; };
		OBJ_170 /* JSONOutput.swift in Sources */ = {isa = PBXBuildFile; fileRef = OBJ_34 /* JSONOutput.swift */; };
		OBJ_171 /* Language.swift in Sources */ = {isa = PBXBuildFile; fileRef = OBJ_35 /* Language.swift */; };
		OBJ_172 /* LinuxCompatibility.swift in Sources */ = {isa = PBXBuildFile; fileRef = OBJ_36 /* LinuxCompatibility.swift */; };
		OBJ_173 /* Module.swift in Sources */ = {isa = PBXBuildFile; fileRef = OBJ_37 /* Module.swift */; };
		OBJ_174 /* ObjCDeclarationKind.swift in Sources */ = {isa = PBXBuildFile; fileRef = OBJ_38 /* ObjCDeclarationKind.swift */; };
		OBJ_175 /* OffsetMap.swift in Sources */ = {isa = PBXBuildFile; fileRef = OBJ_39 /* OffsetMap.swift */; };
		OBJ_176 /* Parameter.swift in Sources */ = {isa = PBXBuildFile; fileRef = OBJ_40 /* Parameter.swift */; };
		OBJ_177 /* Request.swift in Sources */ = {isa = PBXBuildFile; fileRef = OBJ_41 /* Request.swift */; };
		OBJ_178 /* SourceDeclaration.swift in Sources */ = {isa = PBXBuildFile; fileRef = OBJ_42 /* SourceDeclaration.swift */; };
		OBJ_179 /* SourceLocation.swift in Sources */ = {isa = PBXBuildFile; fileRef = OBJ_43 /* SourceLocation.swift */; };
		OBJ_180 /* StatementKind.swift in Sources */ = {isa = PBXBuildFile; fileRef = OBJ_44 /* StatementKind.swift */; };
		OBJ_181 /* String+SourceKitten.swift in Sources */ = {isa = PBXBuildFile; fileRef = OBJ_45 /* String+SourceKitten.swift */; };
		OBJ_182 /* Structure.swift in Sources */ = {isa = PBXBuildFile; fileRef = OBJ_46 /* Structure.swift */; };
		OBJ_183 /* SwiftDeclarationKind.swift in Sources */ = {isa = PBXBuildFile; fileRef = OBJ_47 /* SwiftDeclarationKind.swift */; };
		OBJ_184 /* SwiftDocKey.swift in Sources */ = {isa = PBXBuildFile; fileRef = OBJ_48 /* SwiftDocKey.swift */; };
		OBJ_185 /* SwiftDocs.swift in Sources */ = {isa = PBXBuildFile; fileRef = OBJ_49 /* SwiftDocs.swift */; };
		OBJ_186 /* SwiftLangSyntax.swift in Sources */ = {isa = PBXBuildFile; fileRef = OBJ_50 /* SwiftLangSyntax.swift */; };
		OBJ_187 /* SyntaxKind.swift in Sources */ = {isa = PBXBuildFile; fileRef = OBJ_51 /* SyntaxKind.swift */; };
		OBJ_188 /* SyntaxMap.swift in Sources */ = {isa = PBXBuildFile; fileRef = OBJ_52 /* SyntaxMap.swift */; };
		OBJ_189 /* SyntaxToken.swift in Sources */ = {isa = PBXBuildFile; fileRef = OBJ_53 /* SyntaxToken.swift */; };
		OBJ_190 /* Text.swift in Sources */ = {isa = PBXBuildFile; fileRef = OBJ_54 /* Text.swift */; };
		OBJ_191 /* Version.swift in Sources */ = {isa = PBXBuildFile; fileRef = OBJ_55 /* Version.swift */; };
		OBJ_192 /* Xcode.swift in Sources */ = {isa = PBXBuildFile; fileRef = OBJ_56 /* Xcode.swift */; };
		OBJ_193 /* library_wrapper.swift in Sources */ = {isa = PBXBuildFile; fileRef = OBJ_57 /* library_wrapper.swift */; };
		OBJ_194 /* library_wrapper_CXString.swift in Sources */ = {isa = PBXBuildFile; fileRef = OBJ_58 /* library_wrapper_CXString.swift */; };
		OBJ_195 /* library_wrapper_Documentation.swift in Sources */ = {isa = PBXBuildFile; fileRef = OBJ_59 /* library_wrapper_Documentation.swift */; };
		OBJ_196 /* library_wrapper_Index.swift in Sources */ = {isa = PBXBuildFile; fileRef = OBJ_60 /* library_wrapper_Index.swift */; };
		OBJ_197 /* library_wrapper_sourcekitd.swift in Sources */ = {isa = PBXBuildFile; fileRef = OBJ_61 /* library_wrapper_sourcekitd.swift */; };
		OBJ_199 /* Yams.framework in Frameworks */ = {isa = PBXBuildFile; fileRef = "Yams::Yams::Product" /* Yams.framework */; };
		OBJ_200 /* CYaml.framework in Frameworks */ = {isa = PBXBuildFile; fileRef = "Yams::CYaml::Product" /* CYaml.framework */; };
		OBJ_201 /* SWXMLHash.framework in Frameworks */ = {isa = PBXBuildFile; fileRef = "SWXMLHash::SWXMLHash::Product" /* SWXMLHash.framework */; };
		OBJ_209 /* Constructor.swift in Sources */ = {isa = PBXBuildFile; fileRef = OBJ_80 /* Constructor.swift */; };
		OBJ_210 /* Emitter.swift in Sources */ = {isa = PBXBuildFile; fileRef = OBJ_81 /* Emitter.swift */; };
		OBJ_211 /* Mark.swift in Sources */ = {isa = PBXBuildFile; fileRef = OBJ_82 /* Mark.swift */; };
		OBJ_212 /* Node.Mapping.swift in Sources */ = {isa = PBXBuildFile; fileRef = OBJ_83 /* Node.Mapping.swift */; };
		OBJ_213 /* Node.Scalar.swift in Sources */ = {isa = PBXBuildFile; fileRef = OBJ_84 /* Node.Scalar.swift */; };
		OBJ_214 /* Node.Sequence.swift in Sources */ = {isa = PBXBuildFile; fileRef = OBJ_85 /* Node.Sequence.swift */; };
		OBJ_215 /* Node.swift in Sources */ = {isa = PBXBuildFile; fileRef = OBJ_86 /* Node.swift */; };
		OBJ_216 /* Parser.swift in Sources */ = {isa = PBXBuildFile; fileRef = OBJ_87 /* Parser.swift */; };
		OBJ_217 /* Representer.swift in Sources */ = {isa = PBXBuildFile; fileRef = OBJ_88 /* Representer.swift */; };
		OBJ_218 /* Resolver.swift in Sources */ = {isa = PBXBuildFile; fileRef = OBJ_89 /* Resolver.swift */; };
		OBJ_219 /* String+Yams.swift in Sources */ = {isa = PBXBuildFile; fileRef = OBJ_90 /* String+Yams.swift */; };
		OBJ_220 /* Tag.swift in Sources */ = {isa = PBXBuildFile; fileRef = OBJ_91 /* Tag.swift */; };
		OBJ_221 /* YamlError.swift in Sources */ = {isa = PBXBuildFile; fileRef = OBJ_92 /* YamlError.swift */; };
		OBJ_223 /* CYaml.framework in Frameworks */ = {isa = PBXBuildFile; fileRef = "Yams::CYaml::Product" /* CYaml.framework */; };
		OBJ_229 /* api.c in Sources */ = {isa = PBXBuildFile; fileRef = OBJ_67 /* api.c */; };
		OBJ_230 /* dumper.c in Sources */ = {isa = PBXBuildFile; fileRef = OBJ_68 /* dumper.c */; };
		OBJ_231 /* emitter.c in Sources */ = {isa = PBXBuildFile; fileRef = OBJ_69 /* emitter.c */; };
		OBJ_232 /* loader.c in Sources */ = {isa = PBXBuildFile; fileRef = OBJ_70 /* loader.c */; };
		OBJ_233 /* parser.c in Sources */ = {isa = PBXBuildFile; fileRef = OBJ_71 /* parser.c */; };
		OBJ_234 /* reader.c in Sources */ = {isa = PBXBuildFile; fileRef = OBJ_72 /* reader.c */; };
		OBJ_235 /* scanner.c in Sources */ = {isa = PBXBuildFile; fileRef = OBJ_73 /* scanner.c */; };
		OBJ_236 /* writer.c in Sources */ = {isa = PBXBuildFile; fileRef = OBJ_74 /* writer.c */; };
		OBJ_242 /* SWXMLHash+TypeConversion.swift in Sources */ = {isa = PBXBuildFile; fileRef = OBJ_96 /* SWXMLHash+TypeConversion.swift */; };
		OBJ_243 /* SWXMLHash.swift in Sources */ = {isa = PBXBuildFile; fileRef = OBJ_97 /* SWXMLHash.swift */; };
		OBJ_249 /* Injectable.swift in Sources */ = {isa = PBXBuildFile; fileRef = OBJ_9 /* Injectable.swift */; };
/* End PBXBuildFile section */

/* Begin PBXContainerItemProxy section */
		7FBB98AD1F6822B100F7A55E /* PBXContainerItemProxy */ = {
			isa = PBXContainerItemProxy;
			containerPortal = OBJ_1 /* Project object */;
			proxyType = 1;
			remoteGlobalIDString = "SourceKitten::SourceKittenFramework";
			remoteInfo = SourceKittenFramework;
		};
		7FBB98AE1F6822B100F7A55E /* PBXContainerItemProxy */ = {
			isa = PBXContainerItemProxy;
			containerPortal = OBJ_1 /* Project object */;
			proxyType = 1;
			remoteGlobalIDString = "Yams::Yams";
			remoteInfo = Yams;
		};
		7FBB98AF1F6822B100F7A55E /* PBXContainerItemProxy */ = {
			isa = PBXContainerItemProxy;
			containerPortal = OBJ_1 /* Project object */;
			proxyType = 1;
			remoteGlobalIDString = "Yams::CYaml";
			remoteInfo = CYaml;
		};
		7FBB98B01F6822B100F7A55E /* PBXContainerItemProxy */ = {
			isa = PBXContainerItemProxy;
			containerPortal = OBJ_1 /* Project object */;
			proxyType = 1;
			remoteGlobalIDString = "Yams::CYaml";
			remoteInfo = CYaml;
		};
		7FBB98B11F6822B100F7A55E /* PBXContainerItemProxy */ = {
			isa = PBXContainerItemProxy;
			containerPortal = OBJ_1 /* Project object */;
			proxyType = 1;
			remoteGlobalIDString = "SWXMLHash::SWXMLHash";
			remoteInfo = SWXMLHash;
		};
		7FBB98B21F6822B100F7A55E /* PBXContainerItemProxy */ = {
			isa = PBXContainerItemProxy;
			containerPortal = OBJ_1 /* Project object */;
			proxyType = 1;
			remoteGlobalIDString = "Yams::Yams";
			remoteInfo = Yams;
		};
		7FBB98B31F6822B100F7A55E /* PBXContainerItemProxy */ = {
			isa = PBXContainerItemProxy;
			containerPortal = OBJ_1 /* Project object */;
			proxyType = 1;
			remoteGlobalIDString = "Yams::CYaml";
			remoteInfo = CYaml;
		};
		7FBB98B41F6822B100F7A55E /* PBXContainerItemProxy */ = {
			isa = PBXContainerItemProxy;
			containerPortal = OBJ_1 /* Project object */;
			proxyType = 1;
			remoteGlobalIDString = "SWXMLHash::SWXMLHash";
			remoteInfo = SWXMLHash;
		};
		7FBB98B51F6822B100F7A55E /* PBXContainerItemProxy */ = {
			isa = PBXContainerItemProxy;
			containerPortal = OBJ_1 /* Project object */;
			proxyType = 1;
			remoteGlobalIDString = "DIKit::DIKit";
			remoteInfo = DIKit;
		};
/* End PBXContainerItemProxy section */

/* Begin PBXFileReference section */
		7F937BA21F6BFE8C00566EB1 /* Resolver.swift */ = {isa = PBXFileReference; lastKnownFileType = sourcecode.swift; path = Resolver.swift; sourceTree = "<group>"; };
		"DIKit::DIKit::Product" /* DIKit.framework */ = {isa = PBXFileReference; explicitFileType = wrapper.framework; path = DIKit.framework; sourceTree = BUILT_PRODUCTS_DIR; };
		"DIKit::dikitgen::Product" /* dikitgen */ = {isa = PBXFileReference; lastKnownFileType = text; path = dikitgen; sourceTree = BUILT_PRODUCTS_DIR; };
		OBJ_11 /* Code.swift */ = {isa = PBXFileReference; lastKnownFileType = sourcecode.swift; path = Code.swift; sourceTree = "<group>"; };
		OBJ_13 /* Extension.swift */ = {isa = PBXFileReference; lastKnownFileType = sourcecode.swift; path = Extension.swift; sourceTree = "<group>"; };
		OBJ_14 /* Function.swift */ = {isa = PBXFileReference; lastKnownFileType = sourcecode.swift; path = Function.swift; sourceTree = "<group>"; };
		OBJ_15 /* Property.swift */ = {isa = PBXFileReference; lastKnownFileType = sourcecode.swift; path = Property.swift; sourceTree = "<group>"; };
		OBJ_16 /* Type.swift */ = {isa = PBXFileReference; lastKnownFileType = sourcecode.swift; path = Type.swift; sourceTree = "<group>"; };
		OBJ_18 /* String+Name.swift */ = {isa = PBXFileReference; lastKnownFileType = sourcecode.swift; path = "String+Name.swift"; sourceTree = "<group>"; };
		OBJ_19 /* Structure+Property.swift */ = {isa = PBXFileReference; lastKnownFileType = sourcecode.swift; path = "Structure+Property.swift"; sourceTree = "<group>"; };
		OBJ_21 /* Graph.swift */ = {isa = PBXFileReference; lastKnownFileType = sourcecode.swift; path = Graph.swift; sourceTree = "<group>"; };
		OBJ_22 /* Node.swift */ = {isa = PBXFileReference; lastKnownFileType = sourcecode.swift; path = Node.swift; sourceTree = "<group>"; };
		OBJ_23 /* main.swift */ = {isa = PBXFileReference; lastKnownFileType = sourcecode.swift; path = main.swift; sourceTree = "<group>"; };
		OBJ_28 /* Clang+SourceKitten.swift */ = {isa = PBXFileReference; lastKnownFileType = sourcecode.swift; path = "Clang+SourceKitten.swift"; sourceTree = "<group>"; };
		OBJ_29 /* ClangTranslationUnit.swift */ = {isa = PBXFileReference; lastKnownFileType = sourcecode.swift; path = ClangTranslationUnit.swift; sourceTree = "<group>"; };
		OBJ_30 /* CodeCompletionItem.swift */ = {isa = PBXFileReference; lastKnownFileType = sourcecode.swift; path = CodeCompletionItem.swift; sourceTree = "<group>"; };
		OBJ_31 /* Dictionary+Merge.swift */ = {isa = PBXFileReference; lastKnownFileType = sourcecode.swift; path = "Dictionary+Merge.swift"; sourceTree = "<group>"; };
		OBJ_32 /* Documentation.swift */ = {isa = PBXFileReference; lastKnownFileType = sourcecode.swift; path = Documentation.swift; sourceTree = "<group>"; };
		OBJ_33 /* File.swift */ = {isa = PBXFileReference; lastKnownFileType = sourcecode.swift; path = File.swift; sourceTree = "<group>"; };
		OBJ_34 /* JSONOutput.swift */ = {isa = PBXFileReference; lastKnownFileType = sourcecode.swift; path = JSONOutput.swift; sourceTree = "<group>"; };
		OBJ_35 /* Language.swift */ = {isa = PBXFileReference; lastKnownFileType = sourcecode.swift; path = Language.swift; sourceTree = "<group>"; };
		OBJ_36 /* LinuxCompatibility.swift */ = {isa = PBXFileReference; lastKnownFileType = sourcecode.swift; path = LinuxCompatibility.swift; sourceTree = "<group>"; };
		OBJ_37 /* Module.swift */ = {isa = PBXFileReference; lastKnownFileType = sourcecode.swift; path = Module.swift; sourceTree = "<group>"; };
		OBJ_38 /* ObjCDeclarationKind.swift */ = {isa = PBXFileReference; lastKnownFileType = sourcecode.swift; path = ObjCDeclarationKind.swift; sourceTree = "<group>"; };
		OBJ_39 /* OffsetMap.swift */ = {isa = PBXFileReference; lastKnownFileType = sourcecode.swift; path = OffsetMap.swift; sourceTree = "<group>"; };
		OBJ_40 /* Parameter.swift */ = {isa = PBXFileReference; lastKnownFileType = sourcecode.swift; path = Parameter.swift; sourceTree = "<group>"; };
		OBJ_41 /* Request.swift */ = {isa = PBXFileReference; lastKnownFileType = sourcecode.swift; path = Request.swift; sourceTree = "<group>"; };
		OBJ_42 /* SourceDeclaration.swift */ = {isa = PBXFileReference; lastKnownFileType = sourcecode.swift; path = SourceDeclaration.swift; sourceTree = "<group>"; };
		OBJ_43 /* SourceLocation.swift */ = {isa = PBXFileReference; lastKnownFileType = sourcecode.swift; path = SourceLocation.swift; sourceTree = "<group>"; };
		OBJ_44 /* StatementKind.swift */ = {isa = PBXFileReference; lastKnownFileType = sourcecode.swift; path = StatementKind.swift; sourceTree = "<group>"; };
		OBJ_45 /* String+SourceKitten.swift */ = {isa = PBXFileReference; lastKnownFileType = sourcecode.swift; path = "String+SourceKitten.swift"; sourceTree = "<group>"; };
		OBJ_46 /* Structure.swift */ = {isa = PBXFileReference; lastKnownFileType = sourcecode.swift; path = Structure.swift; sourceTree = "<group>"; };
		OBJ_47 /* SwiftDeclarationKind.swift */ = {isa = PBXFileReference; lastKnownFileType = sourcecode.swift; path = SwiftDeclarationKind.swift; sourceTree = "<group>"; };
		OBJ_48 /* SwiftDocKey.swift */ = {isa = PBXFileReference; lastKnownFileType = sourcecode.swift; path = SwiftDocKey.swift; sourceTree = "<group>"; };
		OBJ_49 /* SwiftDocs.swift */ = {isa = PBXFileReference; lastKnownFileType = sourcecode.swift; path = SwiftDocs.swift; sourceTree = "<group>"; };
		OBJ_50 /* SwiftLangSyntax.swift */ = {isa = PBXFileReference; lastKnownFileType = sourcecode.swift; path = SwiftLangSyntax.swift; sourceTree = "<group>"; };
		OBJ_51 /* SyntaxKind.swift */ = {isa = PBXFileReference; lastKnownFileType = sourcecode.swift; path = SyntaxKind.swift; sourceTree = "<group>"; };
		OBJ_52 /* SyntaxMap.swift */ = {isa = PBXFileReference; lastKnownFileType = sourcecode.swift; path = SyntaxMap.swift; sourceTree = "<group>"; };
		OBJ_53 /* SyntaxToken.swift */ = {isa = PBXFileReference; lastKnownFileType = sourcecode.swift; path = SyntaxToken.swift; sourceTree = "<group>"; };
		OBJ_54 /* Text.swift */ = {isa = PBXFileReference; lastKnownFileType = sourcecode.swift; path = Text.swift; sourceTree = "<group>"; };
		OBJ_55 /* Version.swift */ = {isa = PBXFileReference; lastKnownFileType = sourcecode.swift; path = Version.swift; sourceTree = "<group>"; };
		OBJ_56 /* Xcode.swift */ = {isa = PBXFileReference; lastKnownFileType = sourcecode.swift; path = Xcode.swift; sourceTree = "<group>"; };
		OBJ_57 /* library_wrapper.swift */ = {isa = PBXFileReference; lastKnownFileType = sourcecode.swift; path = library_wrapper.swift; sourceTree = "<group>"; };
		OBJ_58 /* library_wrapper_CXString.swift */ = {isa = PBXFileReference; lastKnownFileType = sourcecode.swift; path = library_wrapper_CXString.swift; sourceTree = "<group>"; };
		OBJ_59 /* library_wrapper_Documentation.swift */ = {isa = PBXFileReference; lastKnownFileType = sourcecode.swift; path = library_wrapper_Documentation.swift; sourceTree = "<group>"; };
		OBJ_6 /* Package.swift */ = {isa = PBXFileReference; explicitFileType = sourcecode.swift; path = Package.swift; sourceTree = "<group>"; };
		OBJ_60 /* library_wrapper_Index.swift */ = {isa = PBXFileReference; lastKnownFileType = sourcecode.swift; path = library_wrapper_Index.swift; sourceTree = "<group>"; };
		OBJ_61 /* library_wrapper_sourcekitd.swift */ = {isa = PBXFileReference; lastKnownFileType = sourcecode.swift; path = library_wrapper_sourcekitd.swift; sourceTree = "<group>"; };
		OBJ_63 /* Package.swift */ = {isa = PBXFileReference; explicitFileType = sourcecode.swift; name = Package.swift; path = "/Users/ishkawa/dev/src/github.com/ishkawa/DIKit/.build/checkouts/SourceKitten.git-6484296299232452758/Package.swift"; sourceTree = "<group>"; };
		OBJ_67 /* api.c */ = {isa = PBXFileReference; lastKnownFileType = sourcecode.c.c; path = api.c; sourceTree = "<group>"; };
		OBJ_68 /* dumper.c */ = {isa = PBXFileReference; lastKnownFileType = sourcecode.c.c; path = dumper.c; sourceTree = "<group>"; };
		OBJ_69 /* emitter.c */ = {isa = PBXFileReference; lastKnownFileType = sourcecode.c.c; path = emitter.c; sourceTree = "<group>"; };
		OBJ_70 /* loader.c */ = {isa = PBXFileReference; lastKnownFileType = sourcecode.c.c; path = loader.c; sourceTree = "<group>"; };
		OBJ_71 /* parser.c */ = {isa = PBXFileReference; lastKnownFileType = sourcecode.c.c; path = parser.c; sourceTree = "<group>"; };
		OBJ_72 /* reader.c */ = {isa = PBXFileReference; lastKnownFileType = sourcecode.c.c; path = reader.c; sourceTree = "<group>"; };
		OBJ_73 /* scanner.c */ = {isa = PBXFileReference; lastKnownFileType = sourcecode.c.c; path = scanner.c; sourceTree = "<group>"; };
		OBJ_74 /* writer.c */ = {isa = PBXFileReference; lastKnownFileType = sourcecode.c.c; path = writer.c; sourceTree = "<group>"; };
		OBJ_76 /* CYaml.h */ = {isa = PBXFileReference; lastKnownFileType = sourcecode.c.h; path = CYaml.h; sourceTree = "<group>"; };
		OBJ_77 /* yaml.h */ = {isa = PBXFileReference; lastKnownFileType = sourcecode.c.h; path = yaml.h; sourceTree = "<group>"; };
		OBJ_78 /* module.modulemap */ = {isa = PBXFileReference; lastKnownFileType = "sourcecode.module-map"; name = module.modulemap; path = /Users/ishkawa/dev/src/github.com/ishkawa/DIKit/DIKit.xcodeproj/GeneratedModuleMap/CYaml/module.modulemap; sourceTree = "<group>"; };
		OBJ_80 /* Constructor.swift */ = {isa = PBXFileReference; lastKnownFileType = sourcecode.swift; path = Constructor.swift; sourceTree = "<group>"; };
		OBJ_81 /* Emitter.swift */ = {isa = PBXFileReference; lastKnownFileType = sourcecode.swift; path = Emitter.swift; sourceTree = "<group>"; };
		OBJ_82 /* Mark.swift */ = {isa = PBXFileReference; lastKnownFileType = sourcecode.swift; path = Mark.swift; sourceTree = "<group>"; };
		OBJ_83 /* Node.Mapping.swift */ = {isa = PBXFileReference; lastKnownFileType = sourcecode.swift; path = Node.Mapping.swift; sourceTree = "<group>"; };
		OBJ_84 /* Node.Scalar.swift */ = {isa = PBXFileReference; lastKnownFileType = sourcecode.swift; path = Node.Scalar.swift; sourceTree = "<group>"; };
		OBJ_85 /* Node.Sequence.swift */ = {isa = PBXFileReference; lastKnownFileType = sourcecode.swift; path = Node.Sequence.swift; sourceTree = "<group>"; };
		OBJ_86 /* Node.swift */ = {isa = PBXFileReference; lastKnownFileType = sourcecode.swift; path = Node.swift; sourceTree = "<group>"; };
		OBJ_87 /* Parser.swift */ = {isa = PBXFileReference; lastKnownFileType = sourcecode.swift; path = Parser.swift; sourceTree = "<group>"; };
		OBJ_88 /* Representer.swift */ = {isa = PBXFileReference; lastKnownFileType = sourcecode.swift; path = Representer.swift; sourceTree = "<group>"; };
		OBJ_89 /* Resolver.swift */ = {isa = PBXFileReference; lastKnownFileType = sourcecode.swift; path = Resolver.swift; sourceTree = "<group>"; };
		OBJ_9 /* Injectable.swift */ = {isa = PBXFileReference; lastKnownFileType = sourcecode.swift; path = Injectable.swift; sourceTree = "<group>"; };
		OBJ_90 /* String+Yams.swift */ = {isa = PBXFileReference; lastKnownFileType = sourcecode.swift; path = "String+Yams.swift"; sourceTree = "<group>"; };
		OBJ_91 /* Tag.swift */ = {isa = PBXFileReference; lastKnownFileType = sourcecode.swift; path = Tag.swift; sourceTree = "<group>"; };
		OBJ_92 /* YamlError.swift */ = {isa = PBXFileReference; lastKnownFileType = sourcecode.swift; path = YamlError.swift; sourceTree = "<group>"; };
		OBJ_93 /* Package.swift */ = {isa = PBXFileReference; explicitFileType = sourcecode.swift; name = Package.swift; path = "/Users/ishkawa/dev/src/github.com/ishkawa/DIKit/.build/checkouts/Yams.git-8068124914099325722/Package.swift"; sourceTree = "<group>"; };
		OBJ_95 /* Package.swift */ = {isa = PBXFileReference; explicitFileType = sourcecode.swift; name = Package.swift; path = "/Users/ishkawa/dev/src/github.com/ishkawa/DIKit/.build/checkouts/SWXMLHash.git-5776748636326364470/Package.swift"; sourceTree = "<group>"; };
		OBJ_96 /* SWXMLHash+TypeConversion.swift */ = {isa = PBXFileReference; lastKnownFileType = sourcecode.swift; path = "SWXMLHash+TypeConversion.swift"; sourceTree = "<group>"; };
		OBJ_97 /* SWXMLHash.swift */ = {isa = PBXFileReference; lastKnownFileType = sourcecode.swift; path = SWXMLHash.swift; sourceTree = "<group>"; };
		"SWXMLHash::SWXMLHash::Product" /* SWXMLHash.framework */ = {isa = PBXFileReference; explicitFileType = wrapper.framework; path = SWXMLHash.framework; sourceTree = BUILT_PRODUCTS_DIR; };
		"SourceKitten::SourceKittenFramework::Product" /* SourceKittenFramework.framework */ = {isa = PBXFileReference; explicitFileType = wrapper.framework; path = SourceKittenFramework.framework; sourceTree = BUILT_PRODUCTS_DIR; };
		"Yams::CYaml::Product" /* CYaml.framework */ = {isa = PBXFileReference; explicitFileType = wrapper.framework; path = CYaml.framework; sourceTree = BUILT_PRODUCTS_DIR; };
		"Yams::Yams::Product" /* Yams.framework */ = {isa = PBXFileReference; explicitFileType = wrapper.framework; path = Yams.framework; sourceTree = BUILT_PRODUCTS_DIR; };
/* End PBXFileReference section */

/* Begin PBXFrameworksBuildPhase section */
		OBJ_144 /* Frameworks */ = {
			isa = PBXFrameworksBuildPhase;
			buildActionMask = 0;
			files = (
				OBJ_145 /* SourceKittenFramework.framework in Frameworks */,
				OBJ_146 /* Yams.framework in Frameworks */,
				OBJ_147 /* CYaml.framework in Frameworks */,
				OBJ_148 /* SWXMLHash.framework in Frameworks */,
				OBJ_149 /* DIKit.framework in Frameworks */,
			);
			runOnlyForDeploymentPostprocessing = 0;
		};
		OBJ_198 /* Frameworks */ = {
			isa = PBXFrameworksBuildPhase;
			buildActionMask = 0;
			files = (
				OBJ_199 /* Yams.framework in Frameworks */,
				OBJ_200 /* CYaml.framework in Frameworks */,
				OBJ_201 /* SWXMLHash.framework in Frameworks */,
			);
			runOnlyForDeploymentPostprocessing = 0;
		};
		OBJ_222 /* Frameworks */ = {
			isa = PBXFrameworksBuildPhase;
			buildActionMask = 0;
			files = (
				OBJ_223 /* CYaml.framework in Frameworks */,
			);
			runOnlyForDeploymentPostprocessing = 0;
		};
		OBJ_237 /* Frameworks */ = {
			isa = PBXFrameworksBuildPhase;
			buildActionMask = 0;
			files = (
			);
			runOnlyForDeploymentPostprocessing = 0;
		};
		OBJ_244 /* Frameworks */ = {
			isa = PBXFrameworksBuildPhase;
			buildActionMask = 0;
			files = (
			);
			runOnlyForDeploymentPostprocessing = 0;
		};
		OBJ_250 /* Frameworks */ = {
			isa = PBXFrameworksBuildPhase;
			buildActionMask = 0;
			files = (
			);
			runOnlyForDeploymentPostprocessing = 0;
		};
/* End PBXFrameworksBuildPhase section */

/* Begin PBXGroup section */
		OBJ_10 /* dikitgen */ = {
			isa = PBXGroup;
			children = (
				OBJ_11 /* Code.swift */,
				OBJ_12 /* Declaration */,
				OBJ_17 /* Extension */,
				OBJ_20 /* Graph */,
				OBJ_23 /* main.swift */,
			);
			name = dikitgen;
			path = Sources/dikitgen;
			sourceTree = SOURCE_ROOT;
		};
		OBJ_12 /* Declaration */ = {
			isa = PBXGroup;
			children = (
				OBJ_13 /* Extension.swift */,
				OBJ_14 /* Function.swift */,
				OBJ_15 /* Property.swift */,
				OBJ_16 /* Type.swift */,
			);
			path = Declaration;
			sourceTree = "<group>";
		};
		OBJ_17 /* Extension */ = {
			isa = PBXGroup;
			children = (
				OBJ_18 /* String+Name.swift */,
				OBJ_19 /* Structure+Property.swift */,
			);
			path = Extension;
			sourceTree = "<group>";
		};
		OBJ_20 /* Graph */ = {
			isa = PBXGroup;
			children = (
				OBJ_21 /* Graph.swift */,
				OBJ_22 /* Node.swift */,
			);
			path = Graph;
			sourceTree = "<group>";
		};
		OBJ_24 /* Tests */ = {
			isa = PBXGroup;
			children = (
			);
			name = Tests;
			sourceTree = SOURCE_ROOT;
		};
		OBJ_25 /* Dependencies */ = {
			isa = PBXGroup;
			children = (
				OBJ_26 /* SourceKitten 0.18.1 */,
				OBJ_64 /* Yams 0.3.6 */,
				OBJ_94 /* SWXMLHash 4.2.0 */,
			);
			name = Dependencies;
			sourceTree = "<group>";
		};
		OBJ_26 /* SourceKitten 0.18.1 */ = {
			isa = PBXGroup;
			children = (
				OBJ_27 /* SourceKittenFramework */,
				OBJ_62 /* sourcekitten */,
				OBJ_63 /* Package.swift */,
			);
			name = "SourceKitten 0.18.1";
			sourceTree = SOURCE_ROOT;
		};
		OBJ_27 /* SourceKittenFramework */ = {
			isa = PBXGroup;
			children = (
				OBJ_28 /* Clang+SourceKitten.swift */,
				OBJ_29 /* ClangTranslationUnit.swift */,
				OBJ_30 /* CodeCompletionItem.swift */,
				OBJ_31 /* Dictionary+Merge.swift */,
				OBJ_32 /* Documentation.swift */,
				OBJ_33 /* File.swift */,
				OBJ_34 /* JSONOutput.swift */,
				OBJ_35 /* Language.swift */,
				OBJ_36 /* LinuxCompatibility.swift */,
				OBJ_37 /* Module.swift */,
				OBJ_38 /* ObjCDeclarationKind.swift */,
				OBJ_39 /* OffsetMap.swift */,
				OBJ_40 /* Parameter.swift */,
				OBJ_41 /* Request.swift */,
				OBJ_42 /* SourceDeclaration.swift */,
				OBJ_43 /* SourceLocation.swift */,
				OBJ_44 /* StatementKind.swift */,
				OBJ_45 /* String+SourceKitten.swift */,
				OBJ_46 /* Structure.swift */,
				OBJ_47 /* SwiftDeclarationKind.swift */,
				OBJ_48 /* SwiftDocKey.swift */,
				OBJ_49 /* SwiftDocs.swift */,
				OBJ_50 /* SwiftLangSyntax.swift */,
				OBJ_51 /* SyntaxKind.swift */,
				OBJ_52 /* SyntaxMap.swift */,
				OBJ_53 /* SyntaxToken.swift */,
				OBJ_54 /* Text.swift */,
				OBJ_55 /* Version.swift */,
				OBJ_56 /* Xcode.swift */,
				OBJ_57 /* library_wrapper.swift */,
				OBJ_58 /* library_wrapper_CXString.swift */,
				OBJ_59 /* library_wrapper_Documentation.swift */,
				OBJ_60 /* library_wrapper_Index.swift */,
				OBJ_61 /* library_wrapper_sourcekitd.swift */,
			);
			name = SourceKittenFramework;
			path = ".build/checkouts/SourceKitten.git-6484296299232452758/Source/SourceKittenFramework";
			sourceTree = SOURCE_ROOT;
		};
		OBJ_5 = {
			isa = PBXGroup;
			children = (
				OBJ_6 /* Package.swift */,
				OBJ_7 /* Sources */,
				OBJ_24 /* Tests */,
				OBJ_25 /* Dependencies */,
				OBJ_98 /* Products */,
			);
			sourceTree = "<group>";
		};
		OBJ_62 /* sourcekitten */ = {
			isa = PBXGroup;
			children = (
			);
			name = sourcekitten;
			path = ".build/checkouts/SourceKitten.git-6484296299232452758/Source/sourcekitten";
			sourceTree = SOURCE_ROOT;
		};
		OBJ_64 /* Yams 0.3.6 */ = {
			isa = PBXGroup;
			children = (
				OBJ_65 /* CYaml */,
				OBJ_79 /* Yams */,
				OBJ_93 /* Package.swift */,
			);
			name = "Yams 0.3.6";
			sourceTree = SOURCE_ROOT;
		};
		OBJ_65 /* CYaml */ = {
			isa = PBXGroup;
			children = (
				OBJ_66 /* src */,
				OBJ_75 /* include */,
			);
			name = CYaml;
			path = ".build/checkouts/Yams.git-8068124914099325722/Sources/CYaml";
			sourceTree = SOURCE_ROOT;
		};
		OBJ_66 /* src */ = {
			isa = PBXGroup;
			children = (
				OBJ_67 /* api.c */,
				OBJ_68 /* dumper.c */,
				OBJ_69 /* emitter.c */,
				OBJ_70 /* loader.c */,
				OBJ_71 /* parser.c */,
				OBJ_72 /* reader.c */,
				OBJ_73 /* scanner.c */,
				OBJ_74 /* writer.c */,
			);
			path = src;
			sourceTree = "<group>";
		};
		OBJ_7 /* Sources */ = {
			isa = PBXGroup;
			children = (
				OBJ_8 /* DIKit */,
				OBJ_10 /* dikitgen */,
			);
			name = Sources;
			sourceTree = SOURCE_ROOT;
		};
		OBJ_75 /* include */ = {
			isa = PBXGroup;
			children = (
				OBJ_76 /* CYaml.h */,
				OBJ_77 /* yaml.h */,
				OBJ_78 /* module.modulemap */,
			);
			path = include;
			sourceTree = "<group>";
		};
		OBJ_79 /* Yams */ = {
			isa = PBXGroup;
			children = (
				OBJ_80 /* Constructor.swift */,
				OBJ_81 /* Emitter.swift */,
				OBJ_82 /* Mark.swift */,
				OBJ_83 /* Node.Mapping.swift */,
				OBJ_84 /* Node.Scalar.swift */,
				OBJ_85 /* Node.Sequence.swift */,
				OBJ_86 /* Node.swift */,
				OBJ_87 /* Parser.swift */,
				OBJ_88 /* Representer.swift */,
				OBJ_89 /* Resolver.swift */,
				OBJ_90 /* String+Yams.swift */,
				OBJ_91 /* Tag.swift */,
				OBJ_92 /* YamlError.swift */,
			);
			name = Yams;
			path = ".build/checkouts/Yams.git-8068124914099325722/Sources/Yams";
			sourceTree = SOURCE_ROOT;
		};
		OBJ_8 /* DIKit */ = {
			isa = PBXGroup;
			children = (
				OBJ_9 /* Injectable.swift */,
				7F937BA21F6BFE8C00566EB1 /* Resolver.swift */,
			);
			name = DIKit;
			path = Sources/DIKit;
			sourceTree = SOURCE_ROOT;
		};
		OBJ_94 /* SWXMLHash 4.2.0 */ = {
			isa = PBXGroup;
			children = (
				OBJ_95 /* Package.swift */,
				OBJ_96 /* SWXMLHash+TypeConversion.swift */,
				OBJ_97 /* SWXMLHash.swift */,
			);
			name = "SWXMLHash 4.2.0";
			path = ".build/checkouts/SWXMLHash.git-5776748636326364470/Source";
			sourceTree = SOURCE_ROOT;
		};
		OBJ_98 /* Products */ = {
			isa = PBXGroup;
			children = (
				"DIKit::dikitgen::Product" /* dikitgen */,
				"SourceKitten::SourceKittenFramework::Product" /* SourceKittenFramework.framework */,
				"Yams::Yams::Product" /* Yams.framework */,
				"Yams::CYaml::Product" /* CYaml.framework */,
				"SWXMLHash::SWXMLHash::Product" /* SWXMLHash.framework */,
				"DIKit::DIKit::Product" /* DIKit.framework */,
			);
			name = Products;
			sourceTree = BUILT_PRODUCTS_DIR;
		};
/* End PBXGroup section */

/* Begin PBXNativeTarget section */
		"DIKit::DIKit" /* DIKit */ = {
			isa = PBXNativeTarget;
			buildConfigurationList = OBJ_245 /* Build configuration list for PBXNativeTarget "DIKit" */;
			buildPhases = (
				OBJ_248 /* Sources */,
				OBJ_250 /* Frameworks */,
			);
			buildRules = (
			);
			dependencies = (
			);
			name = DIKit;
			productName = DIKit;
			productReference = "DIKit::DIKit::Product" /* DIKit.framework */;
			productType = "com.apple.product-type.framework";
		};
		"DIKit::SwiftPMPackageDescription" /* DIKitPackageDescription */ = {
			isa = PBXNativeTarget;
			buildConfigurationList = OBJ_106 /* Build configuration list for PBXNativeTarget "DIKitPackageDescription" */;
			buildPhases = (
				OBJ_109 /* Sources */,
			);
			buildRules = (
			);
			dependencies = (
			);
			name = DIKitPackageDescription;
			productName = DIKitPackageDescription;
			productType = "com.apple.product-type.framework";
		};
		"DIKit::dikitgen" /* dikitgen */ = {
			isa = PBXNativeTarget;
			buildConfigurationList = OBJ_130 /* Build configuration list for PBXNativeTarget "dikitgen" */;
			buildPhases = (
				OBJ_133 /* Sources */,
				OBJ_144 /* Frameworks */,
			);
			buildRules = (
			);
			dependencies = (
				OBJ_150 /* PBXTargetDependency */,
				OBJ_152 /* PBXTargetDependency */,
				OBJ_154 /* PBXTargetDependency */,
				OBJ_156 /* PBXTargetDependency */,
				OBJ_158 /* PBXTargetDependency */,
			);
			name = dikitgen;
			productName = dikitgen;
			productReference = "DIKit::dikitgen::Product" /* dikitgen */;
			productType = "com.apple.product-type.tool";
		};
		"SWXMLHash::SWXMLHash" /* SWXMLHash */ = {
			isa = PBXNativeTarget;
			buildConfigurationList = OBJ_238 /* Build configuration list for PBXNativeTarget "SWXMLHash" */;
			buildPhases = (
				OBJ_241 /* Sources */,
				OBJ_244 /* Frameworks */,
			);
			buildRules = (
			);
			dependencies = (
			);
			name = SWXMLHash;
			productName = SWXMLHash;
			productReference = "SWXMLHash::SWXMLHash::Product" /* SWXMLHash.framework */;
			productType = "com.apple.product-type.framework";
		};
		"SWXMLHash::SwiftPMPackageDescription" /* SWXMLHashPackageDescription */ = {
			isa = PBXNativeTarget;
			buildConfigurationList = OBJ_124 /* Build configuration list for PBXNativeTarget "SWXMLHashPackageDescription" */;
			buildPhases = (
				OBJ_127 /* Sources */,
			);
			buildRules = (
			);
			dependencies = (
			);
			name = SWXMLHashPackageDescription;
			productName = SWXMLHashPackageDescription;
			productType = "com.apple.product-type.framework";
		};
		"SourceKitten::SourceKittenFramework" /* SourceKittenFramework */ = {
			isa = PBXNativeTarget;
			buildConfigurationList = OBJ_160 /* Build configuration list for PBXNativeTarget "SourceKittenFramework" */;
			buildPhases = (
				OBJ_163 /* Sources */,
				OBJ_198 /* Frameworks */,
			);
			buildRules = (
			);
			dependencies = (
				OBJ_202 /* PBXTargetDependency */,
				OBJ_203 /* PBXTargetDependency */,
				OBJ_204 /* PBXTargetDependency */,
			);
			name = SourceKittenFramework;
			productName = SourceKittenFramework;
			productReference = "SourceKitten::SourceKittenFramework::Product" /* SourceKittenFramework.framework */;
			productType = "com.apple.product-type.framework";
		};
		"SourceKitten::SwiftPMPackageDescription" /* SourceKittenPackageDescription */ = {
			isa = PBXNativeTarget;
			buildConfigurationList = OBJ_112 /* Build configuration list for PBXNativeTarget "SourceKittenPackageDescription" */;
			buildPhases = (
				OBJ_115 /* Sources */,
			);
			buildRules = (
			);
			dependencies = (
			);
			name = SourceKittenPackageDescription;
			productName = SourceKittenPackageDescription;
			productType = "com.apple.product-type.framework";
		};
		"Yams::CYaml" /* CYaml */ = {
			isa = PBXNativeTarget;
			buildConfigurationList = OBJ_225 /* Build configuration list for PBXNativeTarget "CYaml" */;
			buildPhases = (
				OBJ_228 /* Sources */,
				OBJ_237 /* Frameworks */,
			);
			buildRules = (
			);
			dependencies = (
			);
			name = CYaml;
			productName = CYaml;
			productReference = "Yams::CYaml::Product" /* CYaml.framework */;
			productType = "com.apple.product-type.framework";
		};
		"Yams::SwiftPMPackageDescription" /* YamsPackageDescription */ = {
			isa = PBXNativeTarget;
			buildConfigurationList = OBJ_118 /* Build configuration list for PBXNativeTarget "YamsPackageDescription" */;
			buildPhases = (
				OBJ_121 /* Sources */,
			);
			buildRules = (
			);
			dependencies = (
			);
			name = YamsPackageDescription;
			productName = YamsPackageDescription;
			productType = "com.apple.product-type.framework";
		};
		"Yams::Yams" /* Yams */ = {
			isa = PBXNativeTarget;
			buildConfigurationList = OBJ_205 /* Build configuration list for PBXNativeTarget "Yams" */;
			buildPhases = (
				OBJ_208 /* Sources */,
				OBJ_222 /* Frameworks */,
			);
			buildRules = (
			);
			dependencies = (
				OBJ_224 /* PBXTargetDependency */,
			);
			name = Yams;
			productName = Yams;
			productReference = "Yams::Yams::Product" /* Yams.framework */;
			productType = "com.apple.product-type.framework";
		};
/* End PBXNativeTarget section */

/* Begin PBXProject section */
		OBJ_1 /* Project object */ = {
			isa = PBXProject;
			attributes = {
				LastUpgradeCheck = 9999;
				TargetAttributes = {
					"SWXMLHash::SWXMLHash" = {
						LastSwiftMigration = 0900;
					};
				};
			};
			buildConfigurationList = OBJ_2 /* Build configuration list for PBXProject "DIKit" */;
			compatibilityVersion = "Xcode 3.2";
			developmentRegion = English;
			hasScannedForEncodings = 0;
			knownRegions = (
				en,
			);
			mainGroup = OBJ_5;
			productRefGroup = OBJ_98 /* Products */;
			projectDirPath = "";
			projectRoot = "";
			targets = (
				"DIKit::SwiftPMPackageDescription" /* DIKitPackageDescription */,
				"SourceKitten::SwiftPMPackageDescription" /* SourceKittenPackageDescription */,
				"Yams::SwiftPMPackageDescription" /* YamsPackageDescription */,
				"SWXMLHash::SwiftPMPackageDescription" /* SWXMLHashPackageDescription */,
				"DIKit::dikitgen" /* dikitgen */,
				"SourceKitten::SourceKittenFramework" /* SourceKittenFramework */,
				"Yams::Yams" /* Yams */,
				"Yams::CYaml" /* CYaml */,
				"SWXMLHash::SWXMLHash" /* SWXMLHash */,
				"DIKit::DIKit" /* DIKit */,
			);
		};
/* End PBXProject section */

/* Begin PBXSourcesBuildPhase section */
		OBJ_109 /* Sources */ = {
			isa = PBXSourcesBuildPhase;
			buildActionMask = 0;
			files = (
				OBJ_110 /* Package.swift in Sources */,
			);
			runOnlyForDeploymentPostprocessing = 0;
		};
		OBJ_115 /* Sources */ = {
			isa = PBXSourcesBuildPhase;
			buildActionMask = 0;
			files = (
				OBJ_116 /* Package.swift in Sources */,
			);
			runOnlyForDeploymentPostprocessing = 0;
		};
		OBJ_121 /* Sources */ = {
			isa = PBXSourcesBuildPhase;
			buildActionMask = 0;
			files = (
				OBJ_122 /* Package.swift in Sources */,
			);
			runOnlyForDeploymentPostprocessing = 0;
		};
		OBJ_127 /* Sources */ = {
			isa = PBXSourcesBuildPhase;
			buildActionMask = 0;
			files = (
				OBJ_128 /* Package.swift in Sources */,
			);
			runOnlyForDeploymentPostprocessing = 0;
		};
		OBJ_133 /* Sources */ = {
			isa = PBXSourcesBuildPhase;
			buildActionMask = 0;
			files = (
				OBJ_134 /* Code.swift in Sources */,
				OBJ_135 /* Extension.swift in Sources */,
				OBJ_136 /* Function.swift in Sources */,
				OBJ_137 /* Property.swift in Sources */,
				OBJ_138 /* Type.swift in Sources */,
				OBJ_139 /* String+Name.swift in Sources */,
				OBJ_140 /* Structure+Property.swift in Sources */,
				OBJ_141 /* Graph.swift in Sources */,
				OBJ_142 /* Node.swift in Sources */,
				OBJ_143 /* main.swift in Sources */,
			);
			runOnlyForDeploymentPostprocessing = 0;
		};
		OBJ_163 /* Sources */ = {
			isa = PBXSourcesBuildPhase;
			buildActionMask = 0;
			files = (
				OBJ_164 /* Clang+SourceKitten.swift in Sources */,
				OBJ_165 /* ClangTranslationUnit.swift in Sources */,
				OBJ_166 /* CodeCompletionItem.swift in Sources */,
				OBJ_167 /* Dictionary+Merge.swift in Sources */,
				OBJ_168 /* Documentation.swift in Sources */,
				OBJ_169 /* File.swift in Sources */,
				OBJ_170 /* JSONOutput.swift in Sources */,
				OBJ_171 /* Language.swift in Sources */,
				OBJ_172 /* LinuxCompatibility.swift in Sources */,
				OBJ_173 /* Module.swift in Sources */,
				OBJ_174 /* ObjCDeclarationKind.swift in Sources */,
				OBJ_175 /* OffsetMap.swift in Sources */,
				OBJ_176 /* Parameter.swift in Sources */,
				OBJ_177 /* Request.swift in Sources */,
				OBJ_178 /* SourceDeclaration.swift in Sources */,
				OBJ_179 /* SourceLocation.swift in Sources */,
				OBJ_180 /* StatementKind.swift in Sources */,
				OBJ_181 /* String+SourceKitten.swift in Sources */,
				OBJ_182 /* Structure.swift in Sources */,
				OBJ_183 /* SwiftDeclarationKind.swift in Sources */,
				OBJ_184 /* SwiftDocKey.swift in Sources */,
				OBJ_185 /* SwiftDocs.swift in Sources */,
				OBJ_186 /* SwiftLangSyntax.swift in Sources */,
				OBJ_187 /* SyntaxKind.swift in Sources */,
				OBJ_188 /* SyntaxMap.swift in Sources */,
				OBJ_189 /* SyntaxToken.swift in Sources */,
				OBJ_190 /* Text.swift in Sources */,
				OBJ_191 /* Version.swift in Sources */,
				OBJ_192 /* Xcode.swift in Sources */,
				OBJ_193 /* library_wrapper.swift in Sources */,
				OBJ_194 /* library_wrapper_CXString.swift in Sources */,
				OBJ_195 /* library_wrapper_Documentation.swift in Sources */,
				OBJ_196 /* library_wrapper_Index.swift in Sources */,
				OBJ_197 /* library_wrapper_sourcekitd.swift in Sources */,
			);
			runOnlyForDeploymentPostprocessing = 0;
		};
		OBJ_208 /* Sources */ = {
			isa = PBXSourcesBuildPhase;
			buildActionMask = 0;
			files = (
				OBJ_209 /* Constructor.swift in Sources */,
				OBJ_210 /* Emitter.swift in Sources */,
				OBJ_211 /* Mark.swift in Sources */,
				OBJ_212 /* Node.Mapping.swift in Sources */,
				OBJ_213 /* Node.Scalar.swift in Sources */,
				OBJ_214 /* Node.Sequence.swift in Sources */,
				OBJ_215 /* Node.swift in Sources */,
				OBJ_216 /* Parser.swift in Sources */,
				OBJ_217 /* Representer.swift in Sources */,
				OBJ_218 /* Resolver.swift in Sources */,
				OBJ_219 /* String+Yams.swift in Sources */,
				OBJ_220 /* Tag.swift in Sources */,
				OBJ_221 /* YamlError.swift in Sources */,
			);
			runOnlyForDeploymentPostprocessing = 0;
		};
		OBJ_228 /* Sources */ = {
			isa = PBXSourcesBuildPhase;
			buildActionMask = 0;
			files = (
				OBJ_229 /* api.c in Sources */,
				OBJ_230 /* dumper.c in Sources */,
				OBJ_231 /* emitter.c in Sources */,
				OBJ_232 /* loader.c in Sources */,
				OBJ_233 /* parser.c in Sources */,
				OBJ_234 /* reader.c in Sources */,
				OBJ_235 /* scanner.c in Sources */,
				OBJ_236 /* writer.c in Sources */,
			);
			runOnlyForDeploymentPostprocessing = 0;
		};
		OBJ_241 /* Sources */ = {
			isa = PBXSourcesBuildPhase;
			buildActionMask = 0;
			files = (
				OBJ_242 /* SWXMLHash+TypeConversion.swift in Sources */,
				OBJ_243 /* SWXMLHash.swift in Sources */,
			);
			runOnlyForDeploymentPostprocessing = 0;
		};
		OBJ_248 /* Sources */ = {
			isa = PBXSourcesBuildPhase;
			buildActionMask = 0;
			files = (
				OBJ_249 /* Injectable.swift in Sources */,
				7F937BA31F6BFE8C00566EB1 /* Resolver.swift in Sources */,
			);
			runOnlyForDeploymentPostprocessing = 0;
		};
/* End PBXSourcesBuildPhase section */

/* Begin PBXTargetDependency section */
		OBJ_150 /* PBXTargetDependency */ = {
			isa = PBXTargetDependency;
			target = "SourceKitten::SourceKittenFramework" /* SourceKittenFramework */;
			targetProxy = 7FBB98AD1F6822B100F7A55E /* PBXContainerItemProxy */;
		};
		OBJ_152 /* PBXTargetDependency */ = {
			isa = PBXTargetDependency;
			target = "Yams::Yams" /* Yams */;
			targetProxy = 7FBB98B21F6822B100F7A55E /* PBXContainerItemProxy */;
		};
		OBJ_154 /* PBXTargetDependency */ = {
			isa = PBXTargetDependency;
			target = "Yams::CYaml" /* CYaml */;
			targetProxy = 7FBB98B31F6822B100F7A55E /* PBXContainerItemProxy */;
		};
		OBJ_156 /* PBXTargetDependency */ = {
			isa = PBXTargetDependency;
			target = "SWXMLHash::SWXMLHash" /* SWXMLHash */;
			targetProxy = 7FBB98B41F6822B100F7A55E /* PBXContainerItemProxy */;
		};
		OBJ_158 /* PBXTargetDependency */ = {
			isa = PBXTargetDependency;
			target = "DIKit::DIKit" /* DIKit */;
			targetProxy = 7FBB98B51F6822B100F7A55E /* PBXContainerItemProxy */;
		};
		OBJ_202 /* PBXTargetDependency */ = {
			isa = PBXTargetDependency;
			target = "Yams::Yams" /* Yams */;
			targetProxy = 7FBB98AE1F6822B100F7A55E /* PBXContainerItemProxy */;
		};
		OBJ_203 /* PBXTargetDependency */ = {
			isa = PBXTargetDependency;
			target = "Yams::CYaml" /* CYaml */;
			targetProxy = 7FBB98B01F6822B100F7A55E /* PBXContainerItemProxy */;
		};
		OBJ_204 /* PBXTargetDependency */ = {
			isa = PBXTargetDependency;
			target = "SWXMLHash::SWXMLHash" /* SWXMLHash */;
			targetProxy = 7FBB98B11F6822B100F7A55E /* PBXContainerItemProxy */;
		};
		OBJ_224 /* PBXTargetDependency */ = {
			isa = PBXTargetDependency;
			target = "Yams::CYaml" /* CYaml */;
			targetProxy = 7FBB98AF1F6822B100F7A55E /* PBXContainerItemProxy */;
		};
/* End PBXTargetDependency section */

/* Begin XCBuildConfiguration section */
		OBJ_107 /* Debug */ = {
			isa = XCBuildConfiguration;
			buildSettings = {
				LD = /usr/bin/true;
				OTHER_SWIFT_FLAGS = "-swift-version 4 -I /Applications/Xcode-beta.app/Contents/Developer/Toolchains/XcodeDefault.xctoolchain/usr/lib/swift/pm/4 -target x86_64-apple-macosx10.10 -sdk /Applications/Xcode-beta.app/Contents/Developer/Platforms/MacOSX.platform/Developer/SDKs/MacOSX10.13.sdk";
				SWIFT_VERSION = 4.0;
			};
			name = Debug;
		};
		OBJ_108 /* Release */ = {
			isa = XCBuildConfiguration;
			buildSettings = {
				LD = /usr/bin/true;
				OTHER_SWIFT_FLAGS = "-swift-version 4 -I /Applications/Xcode-beta.app/Contents/Developer/Toolchains/XcodeDefault.xctoolchain/usr/lib/swift/pm/4 -target x86_64-apple-macosx10.10 -sdk /Applications/Xcode-beta.app/Contents/Developer/Platforms/MacOSX.platform/Developer/SDKs/MacOSX10.13.sdk";
				SWIFT_VERSION = 4.0;
			};
			name = Release;
		};
		OBJ_113 /* Debug */ = {
			isa = XCBuildConfiguration;
			buildSettings = {
				LD = /usr/bin/true;
				OTHER_SWIFT_FLAGS = "-swift-version 4 -I /Applications/Xcode-beta.app/Contents/Developer/Toolchains/XcodeDefault.xctoolchain/usr/lib/swift/pm/4 -target x86_64-apple-macosx10.10 -sdk /Applications/Xcode-beta.app/Contents/Developer/Platforms/MacOSX.platform/Developer/SDKs/MacOSX10.13.sdk";
				SWIFT_VERSION = 4.0;
			};
			name = Debug;
		};
		OBJ_114 /* Release */ = {
			isa = XCBuildConfiguration;
			buildSettings = {
				LD = /usr/bin/true;
				OTHER_SWIFT_FLAGS = "-swift-version 4 -I /Applications/Xcode-beta.app/Contents/Developer/Toolchains/XcodeDefault.xctoolchain/usr/lib/swift/pm/4 -target x86_64-apple-macosx10.10 -sdk /Applications/Xcode-beta.app/Contents/Developer/Platforms/MacOSX.platform/Developer/SDKs/MacOSX10.13.sdk";
				SWIFT_VERSION = 4.0;
			};
			name = Release;
		};
		OBJ_119 /* Debug */ = {
			isa = XCBuildConfiguration;
			buildSettings = {
				LD = /usr/bin/true;
				OTHER_SWIFT_FLAGS = "-swift-version 4 -I /Applications/Xcode-beta.app/Contents/Developer/Toolchains/XcodeDefault.xctoolchain/usr/lib/swift/pm/4 -target x86_64-apple-macosx10.10 -sdk /Applications/Xcode-beta.app/Contents/Developer/Platforms/MacOSX.platform/Developer/SDKs/MacOSX10.13.sdk";
				SWIFT_VERSION = 4.0;
			};
			name = Debug;
		};
		OBJ_120 /* Release */ = {
			isa = XCBuildConfiguration;
			buildSettings = {
				LD = /usr/bin/true;
				OTHER_SWIFT_FLAGS = "-swift-version 4 -I /Applications/Xcode-beta.app/Contents/Developer/Toolchains/XcodeDefault.xctoolchain/usr/lib/swift/pm/4 -target x86_64-apple-macosx10.10 -sdk /Applications/Xcode-beta.app/Contents/Developer/Platforms/MacOSX.platform/Developer/SDKs/MacOSX10.13.sdk";
				SWIFT_VERSION = 4.0;
			};
			name = Release;
		};
		OBJ_125 /* Debug */ = {
			isa = XCBuildConfiguration;
			buildSettings = {
				LD = /usr/bin/true;
				OTHER_SWIFT_FLAGS = "-swift-version 3 -I /Applications/Xcode-beta.app/Contents/Developer/Toolchains/XcodeDefault.xctoolchain/usr/lib/swift/pm/3 -target x86_64-apple-macosx10.10 -sdk /Applications/Xcode-beta.app/Contents/Developer/Platforms/MacOSX.platform/Developer/SDKs/MacOSX10.13.sdk";
				SWIFT_VERSION = 3.0;
			};
			name = Debug;
		};
		OBJ_126 /* Release */ = {
			isa = XCBuildConfiguration;
			buildSettings = {
				LD = /usr/bin/true;
				OTHER_SWIFT_FLAGS = "-swift-version 3 -I /Applications/Xcode-beta.app/Contents/Developer/Toolchains/XcodeDefault.xctoolchain/usr/lib/swift/pm/3 -target x86_64-apple-macosx10.10 -sdk /Applications/Xcode-beta.app/Contents/Developer/Platforms/MacOSX.platform/Developer/SDKs/MacOSX10.13.sdk";
				SWIFT_VERSION = 3.0;
			};
			name = Release;
		};
		OBJ_131 /* Debug */ = {
			isa = XCBuildConfiguration;
			buildSettings = {
				FRAMEWORK_SEARCH_PATHS = (
					"$(inherited)",
					"$(PLATFORM_DIR)/Developer/Library/Frameworks",
				);
				HEADER_SEARCH_PATHS = (
					"$(inherited)",
					"$(SRCROOT)/.build/checkouts/Yams.git-8068124914099325722/Sources/CYaml/include",
					"$(SRCROOT)/.build/checkouts/SourceKit.git-6033254968535974678",
					"$(SRCROOT)/.build/checkouts/Clang_C.git-5715122005051714050",
					"$(SRCROOT)/DIKit.xcodeproj/GeneratedModuleMap/CYaml",
				);
				INFOPLIST_FILE = DIKit.xcodeproj/dikitgen_Info.plist;
				LD_RUNPATH_SEARCH_PATHS = "$(TOOLCHAIN_DIR)/usr/lib/swift/macosx @executable_path";
				OTHER_LDFLAGS = "$(inherited)";
				OTHER_SWIFT_FLAGS = "$(inherited) -Xcc -fmodule-map-file=$(SRCROOT)/DIKit.xcodeproj/GeneratedModuleMap/CYaml/module.modulemap";
				SWIFT_FORCE_DYNAMIC_LINK_STDLIB = YES;
				SWIFT_FORCE_STATIC_LINK_STDLIB = NO;
				SWIFT_VERSION = 4.0;
				TARGET_NAME = dikitgen;
			};
			name = Debug;
		};
		OBJ_132 /* Release */ = {
			isa = XCBuildConfiguration;
			buildSettings = {
				FRAMEWORK_SEARCH_PATHS = (
					"$(inherited)",
					"$(PLATFORM_DIR)/Developer/Library/Frameworks",
				);
				HEADER_SEARCH_PATHS = (
					"$(inherited)",
					"$(SRCROOT)/.build/checkouts/Yams.git-8068124914099325722/Sources/CYaml/include",
					"$(SRCROOT)/.build/checkouts/SourceKit.git-6033254968535974678",
					"$(SRCROOT)/.build/checkouts/Clang_C.git-5715122005051714050",
					"$(SRCROOT)/DIKit.xcodeproj/GeneratedModuleMap/CYaml",
				);
				INFOPLIST_FILE = DIKit.xcodeproj/dikitgen_Info.plist;
				LD_RUNPATH_SEARCH_PATHS = "$(TOOLCHAIN_DIR)/usr/lib/swift/macosx @executable_path";
				OTHER_LDFLAGS = "$(inherited)";
				OTHER_SWIFT_FLAGS = "$(inherited) -Xcc -fmodule-map-file=$(SRCROOT)/DIKit.xcodeproj/GeneratedModuleMap/CYaml/module.modulemap";
				SWIFT_FORCE_DYNAMIC_LINK_STDLIB = YES;
				SWIFT_FORCE_STATIC_LINK_STDLIB = NO;
				SWIFT_VERSION = 4.0;
				TARGET_NAME = dikitgen;
			};
			name = Release;
		};
		OBJ_161 /* Debug */ = {
			isa = XCBuildConfiguration;
			buildSettings = {
				ENABLE_TESTABILITY = YES;
				FRAMEWORK_SEARCH_PATHS = (
					"$(inherited)",
					"$(PLATFORM_DIR)/Developer/Library/Frameworks",
				);
				HEADER_SEARCH_PATHS = (
					"$(inherited)",
					"$(SRCROOT)/.build/checkouts/Yams.git-8068124914099325722/Sources/CYaml/include",
					"$(SRCROOT)/.build/checkouts/SourceKit.git-6033254968535974678",
					"$(SRCROOT)/.build/checkouts/Clang_C.git-5715122005051714050",
					"$(SRCROOT)/DIKit.xcodeproj/GeneratedModuleMap/CYaml",
				);
				INFOPLIST_FILE = DIKit.xcodeproj/SourceKittenFramework_Info.plist;
				LD_RUNPATH_SEARCH_PATHS = "$(TOOLCHAIN_DIR)/usr/lib/swift/macosx";
				OTHER_LDFLAGS = "$(inherited)";
				OTHER_SWIFT_FLAGS = "$(inherited) -Xcc -fmodule-map-file=$(SRCROOT)/DIKit.xcodeproj/GeneratedModuleMap/CYaml/module.modulemap";
				PRODUCT_BUNDLE_IDENTIFIER = SourceKittenFramework;
				PRODUCT_MODULE_NAME = "$(TARGET_NAME:c99extidentifier)";
				PRODUCT_NAME = "$(TARGET_NAME:c99extidentifier)";
				SKIP_INSTALL = YES;
				SWIFT_VERSION = 4.0;
				TARGET_NAME = SourceKittenFramework;
			};
			name = Debug;
		};
		OBJ_162 /* Release */ = {
			isa = XCBuildConfiguration;
			buildSettings = {
				ENABLE_TESTABILITY = YES;
				FRAMEWORK_SEARCH_PATHS = (
					"$(inherited)",
					"$(PLATFORM_DIR)/Developer/Library/Frameworks",
				);
				HEADER_SEARCH_PATHS = (
					"$(inherited)",
					"$(SRCROOT)/.build/checkouts/Yams.git-8068124914099325722/Sources/CYaml/include",
					"$(SRCROOT)/.build/checkouts/SourceKit.git-6033254968535974678",
					"$(SRCROOT)/.build/checkouts/Clang_C.git-5715122005051714050",
					"$(SRCROOT)/DIKit.xcodeproj/GeneratedModuleMap/CYaml",
				);
				INFOPLIST_FILE = DIKit.xcodeproj/SourceKittenFramework_Info.plist;
				LD_RUNPATH_SEARCH_PATHS = "$(TOOLCHAIN_DIR)/usr/lib/swift/macosx";
				OTHER_LDFLAGS = "$(inherited)";
				OTHER_SWIFT_FLAGS = "$(inherited) -Xcc -fmodule-map-file=$(SRCROOT)/DIKit.xcodeproj/GeneratedModuleMap/CYaml/module.modulemap";
				PRODUCT_BUNDLE_IDENTIFIER = SourceKittenFramework;
				PRODUCT_MODULE_NAME = "$(TARGET_NAME:c99extidentifier)";
				PRODUCT_NAME = "$(TARGET_NAME:c99extidentifier)";
				SKIP_INSTALL = YES;
				SWIFT_VERSION = 4.0;
				TARGET_NAME = SourceKittenFramework;
			};
			name = Release;
		};
		OBJ_206 /* Debug */ = {
			isa = XCBuildConfiguration;
			buildSettings = {
				ENABLE_TESTABILITY = YES;
				FRAMEWORK_SEARCH_PATHS = (
					"$(inherited)",
					"$(PLATFORM_DIR)/Developer/Library/Frameworks",
				);
				HEADER_SEARCH_PATHS = (
					"$(inherited)",
					"$(SRCROOT)/.build/checkouts/Yams.git-8068124914099325722/Sources/CYaml/include",
					"$(SRCROOT)/DIKit.xcodeproj/GeneratedModuleMap/CYaml",
				);
				INFOPLIST_FILE = DIKit.xcodeproj/Yams_Info.plist;
				LD_RUNPATH_SEARCH_PATHS = "$(TOOLCHAIN_DIR)/usr/lib/swift/macosx";
				OTHER_LDFLAGS = "$(inherited)";
				OTHER_SWIFT_FLAGS = "$(inherited) -Xcc -fmodule-map-file=$(SRCROOT)/DIKit.xcodeproj/GeneratedModuleMap/CYaml/module.modulemap";
				PRODUCT_BUNDLE_IDENTIFIER = Yams;
				PRODUCT_MODULE_NAME = "$(TARGET_NAME:c99extidentifier)";
				PRODUCT_NAME = "$(TARGET_NAME:c99extidentifier)";
				SKIP_INSTALL = YES;
				SWIFT_VERSION = 4.0;
				TARGET_NAME = Yams;
			};
			name = Debug;
		};
		OBJ_207 /* Release */ = {
			isa = XCBuildConfiguration;
			buildSettings = {
				ENABLE_TESTABILITY = YES;
				FRAMEWORK_SEARCH_PATHS = (
					"$(inherited)",
					"$(PLATFORM_DIR)/Developer/Library/Frameworks",
				);
				HEADER_SEARCH_PATHS = (
					"$(inherited)",
					"$(SRCROOT)/.build/checkouts/Yams.git-8068124914099325722/Sources/CYaml/include",
					"$(SRCROOT)/DIKit.xcodeproj/GeneratedModuleMap/CYaml",
				);
				INFOPLIST_FILE = DIKit.xcodeproj/Yams_Info.plist;
				LD_RUNPATH_SEARCH_PATHS = "$(TOOLCHAIN_DIR)/usr/lib/swift/macosx";
				OTHER_LDFLAGS = "$(inherited)";
				OTHER_SWIFT_FLAGS = "$(inherited) -Xcc -fmodule-map-file=$(SRCROOT)/DIKit.xcodeproj/GeneratedModuleMap/CYaml/module.modulemap";
				PRODUCT_BUNDLE_IDENTIFIER = Yams;
				PRODUCT_MODULE_NAME = "$(TARGET_NAME:c99extidentifier)";
				PRODUCT_NAME = "$(TARGET_NAME:c99extidentifier)";
				SKIP_INSTALL = YES;
				SWIFT_VERSION = 4.0;
				TARGET_NAME = Yams;
			};
			name = Release;
		};
		OBJ_226 /* Debug */ = {
			isa = XCBuildConfiguration;
			buildSettings = {
				DEFINES_MODULE = NO;
				ENABLE_TESTABILITY = YES;
				FRAMEWORK_SEARCH_PATHS = (
					"$(inherited)",
					"$(PLATFORM_DIR)/Developer/Library/Frameworks",
				);
				HEADER_SEARCH_PATHS = (
					"$(inherited)",
					"$(SRCROOT)/.build/checkouts/Yams.git-8068124914099325722/Sources/CYaml/include",
				);
				INFOPLIST_FILE = DIKit.xcodeproj/CYaml_Info.plist;
				LD_RUNPATH_SEARCH_PATHS = "$(TOOLCHAIN_DIR)/usr/lib/swift/macosx";
				OTHER_LDFLAGS = "$(inherited)";
				OTHER_SWIFT_FLAGS = "$(inherited)";
				PRODUCT_BUNDLE_IDENTIFIER = CYaml;
				PRODUCT_MODULE_NAME = "$(TARGET_NAME:c99extidentifier)";
				PRODUCT_NAME = "$(TARGET_NAME:c99extidentifier)";
				SKIP_INSTALL = YES;
				TARGET_NAME = CYaml;
			};
			name = Debug;
		};
		OBJ_227 /* Release */ = {
			isa = XCBuildConfiguration;
			buildSettings = {
				DEFINES_MODULE = NO;
				ENABLE_TESTABILITY = YES;
				FRAMEWORK_SEARCH_PATHS = (
					"$(inherited)",
					"$(PLATFORM_DIR)/Developer/Library/Frameworks",
				);
				HEADER_SEARCH_PATHS = (
					"$(inherited)",
					"$(SRCROOT)/.build/checkouts/Yams.git-8068124914099325722/Sources/CYaml/include",
				);
				INFOPLIST_FILE = DIKit.xcodeproj/CYaml_Info.plist;
				LD_RUNPATH_SEARCH_PATHS = "$(TOOLCHAIN_DIR)/usr/lib/swift/macosx";
				OTHER_LDFLAGS = "$(inherited)";
				OTHER_SWIFT_FLAGS = "$(inherited)";
				PRODUCT_BUNDLE_IDENTIFIER = CYaml;
				PRODUCT_MODULE_NAME = "$(TARGET_NAME:c99extidentifier)";
				PRODUCT_NAME = "$(TARGET_NAME:c99extidentifier)";
				SKIP_INSTALL = YES;
				TARGET_NAME = CYaml;
			};
			name = Release;
		};
		OBJ_239 /* Debug */ = {
			isa = XCBuildConfiguration;
			buildSettings = {
				ENABLE_TESTABILITY = YES;
				FRAMEWORK_SEARCH_PATHS = (
					"$(inherited)",
					"$(PLATFORM_DIR)/Developer/Library/Frameworks",
				);
				HEADER_SEARCH_PATHS = "$(inherited)";
				INFOPLIST_FILE = DIKit.xcodeproj/SWXMLHash_Info.plist;
				LD_RUNPATH_SEARCH_PATHS = "$(TOOLCHAIN_DIR)/usr/lib/swift/macosx";
				OTHER_LDFLAGS = "$(inherited)";
				OTHER_SWIFT_FLAGS = "$(inherited)";
				PRODUCT_BUNDLE_IDENTIFIER = SWXMLHash;
				PRODUCT_MODULE_NAME = "$(TARGET_NAME:c99extidentifier)";
				PRODUCT_NAME = "$(TARGET_NAME:c99extidentifier)";
				SKIP_INSTALL = YES;
				SWIFT_VERSION = 3.0;
				TARGET_NAME = SWXMLHash;
			};
			name = Debug;
		};
		OBJ_240 /* Release */ = {
			isa = XCBuildConfiguration;
			buildSettings = {
				ENABLE_TESTABILITY = YES;
				FRAMEWORK_SEARCH_PATHS = (
					"$(inherited)",
					"$(PLATFORM_DIR)/Developer/Library/Frameworks",
				);
				HEADER_SEARCH_PATHS = "$(inherited)";
				INFOPLIST_FILE = DIKit.xcodeproj/SWXMLHash_Info.plist;
				LD_RUNPATH_SEARCH_PATHS = "$(TOOLCHAIN_DIR)/usr/lib/swift/macosx";
				OTHER_LDFLAGS = "$(inherited)";
				OTHER_SWIFT_FLAGS = "$(inherited)";
				PRODUCT_BUNDLE_IDENTIFIER = SWXMLHash;
				PRODUCT_MODULE_NAME = "$(TARGET_NAME:c99extidentifier)";
				PRODUCT_NAME = "$(TARGET_NAME:c99extidentifier)";
				SKIP_INSTALL = YES;
				SWIFT_VERSION = 3.0;
				TARGET_NAME = SWXMLHash;
			};
			name = Release;
		};
		OBJ_246 /* Debug */ = {
			isa = XCBuildConfiguration;
			buildSettings = {
				ENABLE_TESTABILITY = YES;
				FRAMEWORK_SEARCH_PATHS = (
					"$(inherited)",
					"$(PLATFORM_DIR)/Developer/Library/Frameworks",
				);
				HEADER_SEARCH_PATHS = "$(inherited)";
				INFOPLIST_FILE = DIKit.xcodeproj/DIKit_Info.plist;
				LD_RUNPATH_SEARCH_PATHS = "$(TOOLCHAIN_DIR)/usr/lib/swift/macosx";
				OTHER_LDFLAGS = "$(inherited)";
				OTHER_SWIFT_FLAGS = "$(inherited)";
				PRODUCT_BUNDLE_IDENTIFIER = DIKit;
				PRODUCT_MODULE_NAME = "$(TARGET_NAME:c99extidentifier)";
				PRODUCT_NAME = "$(TARGET_NAME:c99extidentifier)";
				SKIP_INSTALL = YES;
				SWIFT_VERSION = 4.0;
				TARGET_NAME = DIKit;
			};
			name = Debug;
		};
		OBJ_247 /* Release */ = {
			isa = XCBuildConfiguration;
			buildSettings = {
				ENABLE_TESTABILITY = YES;
				FRAMEWORK_SEARCH_PATHS = (
					"$(inherited)",
					"$(PLATFORM_DIR)/Developer/Library/Frameworks",
				);
				HEADER_SEARCH_PATHS = "$(inherited)";
				INFOPLIST_FILE = DIKit.xcodeproj/DIKit_Info.plist;
				LD_RUNPATH_SEARCH_PATHS = "$(TOOLCHAIN_DIR)/usr/lib/swift/macosx";
				OTHER_LDFLAGS = "$(inherited)";
				OTHER_SWIFT_FLAGS = "$(inherited)";
				PRODUCT_BUNDLE_IDENTIFIER = DIKit;
				PRODUCT_MODULE_NAME = "$(TARGET_NAME:c99extidentifier)";
				PRODUCT_NAME = "$(TARGET_NAME:c99extidentifier)";
				SKIP_INSTALL = YES;
				SWIFT_VERSION = 4.0;
				TARGET_NAME = DIKit;
			};
			name = Release;
		};
		OBJ_3 /* Debug */ = {
			isa = XCBuildConfiguration;
			buildSettings = {
				CLANG_ENABLE_OBJC_ARC = YES;
				COMBINE_HIDPI_IMAGES = YES;
				COPY_PHASE_STRIP = NO;
				DEBUG_INFORMATION_FORMAT = dwarf;
				DYLIB_INSTALL_NAME_BASE = "@rpath";
				ENABLE_NS_ASSERTIONS = YES;
				GCC_OPTIMIZATION_LEVEL = 0;
				MACOSX_DEPLOYMENT_TARGET = 10.10;
				ONLY_ACTIVE_ARCH = YES;
				OTHER_SWIFT_FLAGS = "-DXcode";
				PRODUCT_NAME = "$(TARGET_NAME)";
				SDKROOT = macosx;
				SUPPORTED_PLATFORMS = "macosx iphoneos iphonesimulator appletvos appletvsimulator watchos watchsimulator";
				SWIFT_ACTIVE_COMPILATION_CONDITIONS = SWIFT_PACKAGE;
				SWIFT_OPTIMIZATION_LEVEL = "-Onone";
				USE_HEADERMAP = NO;
			};
			name = Debug;
		};
		OBJ_4 /* Release */ = {
			isa = XCBuildConfiguration;
			buildSettings = {
				CLANG_ENABLE_OBJC_ARC = YES;
				COMBINE_HIDPI_IMAGES = YES;
				COPY_PHASE_STRIP = YES;
				DEBUG_INFORMATION_FORMAT = "dwarf-with-dsym";
				DYLIB_INSTALL_NAME_BASE = "@rpath";
				GCC_OPTIMIZATION_LEVEL = s;
				MACOSX_DEPLOYMENT_TARGET = 10.10;
				OTHER_SWIFT_FLAGS = "-DXcode";
				PRODUCT_NAME = "$(TARGET_NAME)";
				SDKROOT = macosx;
				SUPPORTED_PLATFORMS = "macosx iphoneos iphonesimulator appletvos appletvsimulator watchos watchsimulator";
				SWIFT_ACTIVE_COMPILATION_CONDITIONS = SWIFT_PACKAGE;
				SWIFT_OPTIMIZATION_LEVEL = "-Owholemodule";
				USE_HEADERMAP = NO;
			};
			name = Release;
		};
/* End XCBuildConfiguration section */

/* Begin XCConfigurationList section */
		OBJ_106 /* Build configuration list for PBXNativeTarget "DIKitPackageDescription" */ = {
			isa = XCConfigurationList;
			buildConfigurations = (
				OBJ_107 /* Debug */,
				OBJ_108 /* Release */,
			);
			defaultConfigurationIsVisible = 0;
			defaultConfigurationName = Debug;
		};
		OBJ_112 /* Build configuration list for PBXNativeTarget "SourceKittenPackageDescription" */ = {
			isa = XCConfigurationList;
			buildConfigurations = (
				OBJ_113 /* Debug */,
				OBJ_114 /* Release */,
			);
			defaultConfigurationIsVisible = 0;
			defaultConfigurationName = Debug;
		};
		OBJ_118 /* Build configuration list for PBXNativeTarget "YamsPackageDescription" */ = {
			isa = XCConfigurationList;
			buildConfigurations = (
				OBJ_119 /* Debug */,
				OBJ_120 /* Release */,
			);
			defaultConfigurationIsVisible = 0;
			defaultConfigurationName = Debug;
		};
		OBJ_124 /* Build configuration list for PBXNativeTarget "SWXMLHashPackageDescription" */ = {
			isa = XCConfigurationList;
			buildConfigurations = (
				OBJ_125 /* Debug */,
				OBJ_126 /* Release */,
			);
			defaultConfigurationIsVisible = 0;
			defaultConfigurationName = Debug;
		};
		OBJ_130 /* Build configuration list for PBXNativeTarget "dikitgen" */ = {
			isa = XCConfigurationList;
			buildConfigurations = (
				OBJ_131 /* Debug */,
				OBJ_132 /* Release */,
			);
			defaultConfigurationIsVisible = 0;
			defaultConfigurationName = Debug;
		};
		OBJ_160 /* Build configuration list for PBXNativeTarget "SourceKittenFramework" */ = {
			isa = XCConfigurationList;
			buildConfigurations = (
				OBJ_161 /* Debug */,
				OBJ_162 /* Release */,
			);
			defaultConfigurationIsVisible = 0;
			defaultConfigurationName = Debug;
		};
		OBJ_2 /* Build configuration list for PBXProject "DIKit" */ = {
			isa = XCConfigurationList;
			buildConfigurations = (
				OBJ_3 /* Debug */,
				OBJ_4 /* Release */,
			);
			defaultConfigurationIsVisible = 0;
			defaultConfigurationName = Debug;
		};
		OBJ_205 /* Build configuration list for PBXNativeTarget "Yams" */ = {
			isa = XCConfigurationList;
			buildConfigurations = (
				OBJ_206 /* Debug */,
				OBJ_207 /* Release */,
			);
			defaultConfigurationIsVisible = 0;
			defaultConfigurationName = Debug;
		};
		OBJ_225 /* Build configuration list for PBXNativeTarget "CYaml" */ = {
			isa = XCConfigurationList;
			buildConfigurations = (
				OBJ_226 /* Debug */,
				OBJ_227 /* Release */,
			);
			defaultConfigurationIsVisible = 0;
			defaultConfigurationName = Debug;
		};
		OBJ_238 /* Build configuration list for PBXNativeTarget "SWXMLHash" */ = {
			isa = XCConfigurationList;
			buildConfigurations = (
				OBJ_239 /* Debug */,
				OBJ_240 /* Release */,
			);
			defaultConfigurationIsVisible = 0;
			defaultConfigurationName = Debug;
		};
		OBJ_245 /* Build configuration list for PBXNativeTarget "DIKit" */ = {
			isa = XCConfigurationList;
			buildConfigurations = (
				OBJ_246 /* Debug */,
				OBJ_247 /* Release */,
			);
			defaultConfigurationIsVisible = 0;
			defaultConfigurationName = Debug;
		};
/* End XCConfigurationList section */
	};
	rootObject = OBJ_1 /* Project object */;
}
