// !$*UTF8*$!
{
	archiveVersion = 1;
	classes = {
	};
	objectVersion = 46;
	objects = {

/* Begin PBXBuildFile section */
		7F9F2CEE1F37683000BE097F /* Graph.swift in Sources */ = {isa = PBXBuildFile; fileRef = 7F9F2CED1F37683000BE097F /* Graph.swift */; };
		7F9F2CF01F376B6F00BE097F /* Node.swift in Sources */ = {isa = PBXBuildFile; fileRef = 7F9F2CEF1F376B6F00BE097F /* Node.swift */; };
		7FB1CF4A1EDD1BEB00A1C514 /* Extension.swift in Sources */ = {isa = PBXBuildFile; fileRef = 7FB1CF481EDD1BE500A1C514 /* Extension.swift */; };
		OBJ_139 /* Result.swift in Sources */ = {isa = PBXBuildFile; fileRef = OBJ_122 /* Result.swift */; };
		OBJ_140 /* ResultProtocol.swift in Sources */ = {isa = PBXBuildFile; fileRef = OBJ_123 /* ResultProtocol.swift */; };
		OBJ_147 /* Argument.swift in Sources */ = {isa = PBXBuildFile; fileRef = OBJ_110 /* Argument.swift */; };
		OBJ_148 /* ArgumentParser.swift in Sources */ = {isa = PBXBuildFile; fileRef = OBJ_111 /* ArgumentParser.swift */; };
		OBJ_149 /* ArgumentProtocol.swift in Sources */ = {isa = PBXBuildFile; fileRef = OBJ_112 /* ArgumentProtocol.swift */; };
		OBJ_150 /* Command.swift in Sources */ = {isa = PBXBuildFile; fileRef = OBJ_113 /* Command.swift */; };
		OBJ_151 /* Errors.swift in Sources */ = {isa = PBXBuildFile; fileRef = OBJ_114 /* Errors.swift */; };
		OBJ_152 /* Extensions.swift in Sources */ = {isa = PBXBuildFile; fileRef = OBJ_115 /* Extensions.swift */; };
		OBJ_153 /* HelpCommand.swift in Sources */ = {isa = PBXBuildFile; fileRef = OBJ_116 /* HelpCommand.swift */; };
		OBJ_154 /* LinuxSupport.swift in Sources */ = {isa = PBXBuildFile; fileRef = OBJ_117 /* LinuxSupport.swift */; };
		OBJ_155 /* Option.swift in Sources */ = {isa = PBXBuildFile; fileRef = OBJ_118 /* Option.swift */; };
		OBJ_156 /* Switch.swift in Sources */ = {isa = PBXBuildFile; fileRef = OBJ_119 /* Switch.swift */; };
		OBJ_158 /* Result.framework in Frameworks */ = {isa = PBXBuildFile; fileRef = OBJ_125 /* Result.framework */; };
		OBJ_165 /* SWXMLHash+TypeConversion.swift in Sources */ = {isa = PBXBuildFile; fileRef = OBJ_106 /* SWXMLHash+TypeConversion.swift */; };
		OBJ_166 /* SWXMLHash.swift in Sources */ = {isa = PBXBuildFile; fileRef = OBJ_107 /* SWXMLHash.swift */; };
		OBJ_174 /* api.c in Sources */ = {isa = PBXBuildFile; fileRef = OBJ_79 /* api.c */; };
		OBJ_175 /* dumper.c in Sources */ = {isa = PBXBuildFile; fileRef = OBJ_80 /* dumper.c */; };
		OBJ_176 /* emitter.c in Sources */ = {isa = PBXBuildFile; fileRef = OBJ_81 /* emitter.c */; };
		OBJ_177 /* loader.c in Sources */ = {isa = PBXBuildFile; fileRef = OBJ_82 /* loader.c */; };
		OBJ_178 /* parser.c in Sources */ = {isa = PBXBuildFile; fileRef = OBJ_83 /* parser.c */; };
		OBJ_179 /* reader.c in Sources */ = {isa = PBXBuildFile; fileRef = OBJ_84 /* reader.c */; };
		OBJ_180 /* scanner.c in Sources */ = {isa = PBXBuildFile; fileRef = OBJ_85 /* scanner.c */; };
		OBJ_181 /* writer.c in Sources */ = {isa = PBXBuildFile; fileRef = OBJ_86 /* writer.c */; };
		OBJ_188 /* Constructor.swift in Sources */ = {isa = PBXBuildFile; fileRef = OBJ_92 /* Constructor.swift */; };
		OBJ_189 /* Emitter.swift in Sources */ = {isa = PBXBuildFile; fileRef = OBJ_93 /* Emitter.swift */; };
		OBJ_190 /* Mark.swift in Sources */ = {isa = PBXBuildFile; fileRef = OBJ_94 /* Mark.swift */; };
		OBJ_191 /* Node.Mapping.swift in Sources */ = {isa = PBXBuildFile; fileRef = OBJ_95 /* Node.Mapping.swift */; };
		OBJ_192 /* Node.Scalar.swift in Sources */ = {isa = PBXBuildFile; fileRef = OBJ_96 /* Node.Scalar.swift */; };
		OBJ_193 /* Node.Sequence.swift in Sources */ = {isa = PBXBuildFile; fileRef = OBJ_97 /* Node.Sequence.swift */; };
		OBJ_194 /* Node.swift in Sources */ = {isa = PBXBuildFile; fileRef = OBJ_98 /* Node.swift */; };
		OBJ_195 /* Parser.swift in Sources */ = {isa = PBXBuildFile; fileRef = OBJ_99 /* Parser.swift */; };
		OBJ_196 /* Representer.swift in Sources */ = {isa = PBXBuildFile; fileRef = OBJ_100 /* Representer.swift */; };
		OBJ_197 /* Resolver.swift in Sources */ = {isa = PBXBuildFile; fileRef = OBJ_101 /* Resolver.swift */; };
		OBJ_198 /* String+Yams.swift in Sources */ = {isa = PBXBuildFile; fileRef = OBJ_102 /* String+Yams.swift */; };
		OBJ_199 /* Tag.swift in Sources */ = {isa = PBXBuildFile; fileRef = OBJ_103 /* Tag.swift */; };
		OBJ_200 /* YamlError.swift in Sources */ = {isa = PBXBuildFile; fileRef = OBJ_104 /* YamlError.swift */; };
		OBJ_202 /* CYaml.framework in Frameworks */ = {isa = PBXBuildFile; fileRef = OBJ_128 /* CYaml.framework */; };
		OBJ_209 /* CompleteCommand.swift in Sources */ = {isa = PBXBuildFile; fileRef = OBJ_29 /* CompleteCommand.swift */; };
		OBJ_210 /* DocCommand.swift in Sources */ = {isa = PBXBuildFile; fileRef = OBJ_30 /* DocCommand.swift */; };
		OBJ_211 /* Errors.swift in Sources */ = {isa = PBXBuildFile; fileRef = OBJ_31 /* Errors.swift */; };
		OBJ_212 /* FormatCommand.swift in Sources */ = {isa = PBXBuildFile; fileRef = OBJ_32 /* FormatCommand.swift */; };
		OBJ_213 /* IndexCommand.swift in Sources */ = {isa = PBXBuildFile; fileRef = OBJ_33 /* IndexCommand.swift */; };
		OBJ_214 /* main.swift in Sources */ = {isa = PBXBuildFile; fileRef = OBJ_34 /* main.swift */; };
		OBJ_215 /* StructureCommand.swift in Sources */ = {isa = PBXBuildFile; fileRef = OBJ_35 /* StructureCommand.swift */; };
		OBJ_216 /* SyntaxCommand.swift in Sources */ = {isa = PBXBuildFile; fileRef = OBJ_36 /* SyntaxCommand.swift */; };
		OBJ_217 /* VersionCommand.swift in Sources */ = {isa = PBXBuildFile; fileRef = OBJ_37 /* VersionCommand.swift */; };
		OBJ_218 /* YamlRequestCommand.swift in Sources */ = {isa = PBXBuildFile; fileRef = OBJ_38 /* YamlRequestCommand.swift */; };
		OBJ_220 /* Result.framework in Frameworks */ = {isa = PBXBuildFile; fileRef = OBJ_125 /* Result.framework */; };
		OBJ_221 /* Commandant.framework in Frameworks */ = {isa = PBXBuildFile; fileRef = OBJ_126 /* Commandant.framework */; };
		OBJ_222 /* SWXMLHash.framework in Frameworks */ = {isa = PBXBuildFile; fileRef = OBJ_127 /* SWXMLHash.framework */; };
		OBJ_223 /* CYaml.framework in Frameworks */ = {isa = PBXBuildFile; fileRef = OBJ_128 /* CYaml.framework */; };
		OBJ_224 /* Yams.framework in Frameworks */ = {isa = PBXBuildFile; fileRef = OBJ_129 /* Yams.framework */; };
		OBJ_225 /* SourceKittenFramework.framework in Frameworks */ = {isa = PBXBuildFile; fileRef = OBJ_131 /* SourceKittenFramework.framework */; };
		OBJ_237 /* Clang+SourceKitten.swift in Sources */ = {isa = PBXBuildFile; fileRef = OBJ_40 /* Clang+SourceKitten.swift */; };
		OBJ_238 /* ClangTranslationUnit.swift in Sources */ = {isa = PBXBuildFile; fileRef = OBJ_41 /* ClangTranslationUnit.swift */; };
		OBJ_239 /* CodeCompletionItem.swift in Sources */ = {isa = PBXBuildFile; fileRef = OBJ_42 /* CodeCompletionItem.swift */; };
		OBJ_240 /* Dictionary+Merge.swift in Sources */ = {isa = PBXBuildFile; fileRef = OBJ_43 /* Dictionary+Merge.swift */; };
		OBJ_241 /* Documentation.swift in Sources */ = {isa = PBXBuildFile; fileRef = OBJ_44 /* Documentation.swift */; };
		OBJ_242 /* File.swift in Sources */ = {isa = PBXBuildFile; fileRef = OBJ_45 /* File.swift */; };
		OBJ_243 /* JSONOutput.swift in Sources */ = {isa = PBXBuildFile; fileRef = OBJ_46 /* JSONOutput.swift */; };
		OBJ_244 /* Language.swift in Sources */ = {isa = PBXBuildFile; fileRef = OBJ_47 /* Language.swift */; };
		OBJ_245 /* library_wrapper.swift in Sources */ = {isa = PBXBuildFile; fileRef = OBJ_48 /* library_wrapper.swift */; };
		OBJ_246 /* library_wrapper_CXString.swift in Sources */ = {isa = PBXBuildFile; fileRef = OBJ_49 /* library_wrapper_CXString.swift */; };
		OBJ_247 /* library_wrapper_Documentation.swift in Sources */ = {isa = PBXBuildFile; fileRef = OBJ_50 /* library_wrapper_Documentation.swift */; };
		OBJ_248 /* library_wrapper_Index.swift in Sources */ = {isa = PBXBuildFile; fileRef = OBJ_51 /* library_wrapper_Index.swift */; };
		OBJ_249 /* library_wrapper_sourcekitd.swift in Sources */ = {isa = PBXBuildFile; fileRef = OBJ_52 /* library_wrapper_sourcekitd.swift */; };
		OBJ_250 /* LinuxCompatibility.swift in Sources */ = {isa = PBXBuildFile; fileRef = OBJ_53 /* LinuxCompatibility.swift */; };
		OBJ_251 /* Module.swift in Sources */ = {isa = PBXBuildFile; fileRef = OBJ_54 /* Module.swift */; };
		OBJ_252 /* ObjCDeclarationKind.swift in Sources */ = {isa = PBXBuildFile; fileRef = OBJ_55 /* ObjCDeclarationKind.swift */; };
		OBJ_253 /* OffsetMap.swift in Sources */ = {isa = PBXBuildFile; fileRef = OBJ_56 /* OffsetMap.swift */; };
		OBJ_254 /* Parameter.swift in Sources */ = {isa = PBXBuildFile; fileRef = OBJ_57 /* Parameter.swift */; };
		OBJ_255 /* Request.swift in Sources */ = {isa = PBXBuildFile; fileRef = OBJ_58 /* Request.swift */; };
		OBJ_256 /* SourceDeclaration.swift in Sources */ = {isa = PBXBuildFile; fileRef = OBJ_59 /* SourceDeclaration.swift */; };
		OBJ_257 /* SourceLocation.swift in Sources */ = {isa = PBXBuildFile; fileRef = OBJ_60 /* SourceLocation.swift */; };
		OBJ_258 /* StatementKind.swift in Sources */ = {isa = PBXBuildFile; fileRef = OBJ_61 /* StatementKind.swift */; };
		OBJ_259 /* String+SourceKitten.swift in Sources */ = {isa = PBXBuildFile; fileRef = OBJ_62 /* String+SourceKitten.swift */; };
		OBJ_260 /* Structure.swift in Sources */ = {isa = PBXBuildFile; fileRef = OBJ_63 /* Structure.swift */; };
		OBJ_261 /* SwiftDeclarationKind.swift in Sources */ = {isa = PBXBuildFile; fileRef = OBJ_64 /* SwiftDeclarationKind.swift */; };
		OBJ_262 /* SwiftDocKey.swift in Sources */ = {isa = PBXBuildFile; fileRef = OBJ_65 /* SwiftDocKey.swift */; };
		OBJ_263 /* SwiftDocs.swift in Sources */ = {isa = PBXBuildFile; fileRef = OBJ_66 /* SwiftDocs.swift */; };
		OBJ_264 /* SwiftLangSyntax.swift in Sources */ = {isa = PBXBuildFile; fileRef = OBJ_67 /* SwiftLangSyntax.swift */; };
		OBJ_265 /* SyntaxKind.swift in Sources */ = {isa = PBXBuildFile; fileRef = OBJ_68 /* SyntaxKind.swift */; };
		OBJ_266 /* SyntaxMap.swift in Sources */ = {isa = PBXBuildFile; fileRef = OBJ_69 /* SyntaxMap.swift */; };
		OBJ_267 /* SyntaxToken.swift in Sources */ = {isa = PBXBuildFile; fileRef = OBJ_70 /* SyntaxToken.swift */; };
		OBJ_268 /* Text.swift in Sources */ = {isa = PBXBuildFile; fileRef = OBJ_71 /* Text.swift */; };
		OBJ_269 /* Version.swift in Sources */ = {isa = PBXBuildFile; fileRef = OBJ_72 /* Version.swift */; };
		OBJ_270 /* Xcode.swift in Sources */ = {isa = PBXBuildFile; fileRef = OBJ_73 /* Xcode.swift */; };
		OBJ_272 /* Result.framework in Frameworks */ = {isa = PBXBuildFile; fileRef = OBJ_125 /* Result.framework */; };
		OBJ_273 /* Commandant.framework in Frameworks */ = {isa = PBXBuildFile; fileRef = OBJ_126 /* Commandant.framework */; };
		OBJ_274 /* SWXMLHash.framework in Frameworks */ = {isa = PBXBuildFile; fileRef = OBJ_127 /* SWXMLHash.framework */; };
		OBJ_275 /* CYaml.framework in Frameworks */ = {isa = PBXBuildFile; fileRef = OBJ_128 /* CYaml.framework */; };
		OBJ_276 /* Yams.framework in Frameworks */ = {isa = PBXBuildFile; fileRef = OBJ_129 /* Yams.framework */; };
		OBJ_287 /* Injectable.swift in Sources */ = {isa = PBXBuildFile; fileRef = OBJ_9 /* Injectable.swift */; };
		OBJ_290 /* Result.framework in Frameworks */ = {isa = PBXBuildFile; fileRef = OBJ_125 /* Result.framework */; };
		OBJ_291 /* Commandant.framework in Frameworks */ = {isa = PBXBuildFile; fileRef = OBJ_126 /* Commandant.framework */; };
		OBJ_292 /* SWXMLHash.framework in Frameworks */ = {isa = PBXBuildFile; fileRef = OBJ_127 /* SWXMLHash.framework */; };
		OBJ_293 /* CYaml.framework in Frameworks */ = {isa = PBXBuildFile; fileRef = OBJ_128 /* CYaml.framework */; };
		OBJ_294 /* Yams.framework in Frameworks */ = {isa = PBXBuildFile; fileRef = OBJ_129 /* Yams.framework */; };
		OBJ_295 /* SourceKittenFramework.framework in Frameworks */ = {isa = PBXBuildFile; fileRef = OBJ_131 /* SourceKittenFramework.framework */; };
		OBJ_307 /* Code.swift in Sources */ = {isa = PBXBuildFile; fileRef = OBJ_12 /* Code.swift */; };
		OBJ_308 /* main.swift in Sources */ = {isa = PBXBuildFile; fileRef = OBJ_13 /* main.swift */; };
		OBJ_309 /* Function.swift in Sources */ = {isa = PBXBuildFile; fileRef = OBJ_15 /* Function.swift */; };
		OBJ_310 /* Property.swift in Sources */ = {isa = PBXBuildFile; fileRef = OBJ_16 /* Property.swift */; };
		OBJ_311 /* Type.swift in Sources */ = {isa = PBXBuildFile; fileRef = OBJ_17 /* Type.swift */; };
		OBJ_312 /* String+Name.swift in Sources */ = {isa = PBXBuildFile; fileRef = OBJ_19 /* String+Name.swift */; };
		OBJ_313 /* Structure+Property.swift in Sources */ = {isa = PBXBuildFile; fileRef = OBJ_20 /* Structure+Property.swift */; };
		OBJ_318 /* Result.framework in Frameworks */ = {isa = PBXBuildFile; fileRef = OBJ_125 /* Result.framework */; };
		OBJ_319 /* Commandant.framework in Frameworks */ = {isa = PBXBuildFile; fileRef = OBJ_126 /* Commandant.framework */; };
		OBJ_320 /* SWXMLHash.framework in Frameworks */ = {isa = PBXBuildFile; fileRef = OBJ_127 /* SWXMLHash.framework */; };
		OBJ_321 /* CYaml.framework in Frameworks */ = {isa = PBXBuildFile; fileRef = OBJ_128 /* CYaml.framework */; };
		OBJ_322 /* Yams.framework in Frameworks */ = {isa = PBXBuildFile; fileRef = OBJ_129 /* Yams.framework */; };
		OBJ_323 /* SourceKittenFramework.framework in Frameworks */ = {isa = PBXBuildFile; fileRef = OBJ_131 /* SourceKittenFramework.framework */; };
		OBJ_324 /* DIKit.framework in Frameworks */ = {isa = PBXBuildFile; fileRef = OBJ_132 /* DIKit.framework */; };
/* End PBXBuildFile section */

/* Begin PBXContainerItemProxy section */
		7FB1CF2E1EDC20FF00A1C514 /* PBXContainerItemProxy */ = {
			isa = PBXContainerItemProxy;
			containerPortal = OBJ_1 /* Project object */;
			proxyType = 1;
			remoteGlobalIDString = OBJ_134;
			remoteInfo = Result;
		};
		7FB1CF2F1EDC20FF00A1C514 /* PBXContainerItemProxy */ = {
			isa = PBXContainerItemProxy;
			containerPortal = OBJ_1 /* Project object */;
			proxyType = 1;
			remoteGlobalIDString = OBJ_142;
			remoteInfo = Commandant;
		};
		7FB1CF301EDC20FF00A1C514 /* PBXContainerItemProxy */ = {
			isa = PBXContainerItemProxy;
			containerPortal = OBJ_1 /* Project object */;
			proxyType = 1;
			remoteGlobalIDString = OBJ_134;
			remoteInfo = Result;
		};
		7FB1CF311EDC20FF00A1C514 /* PBXContainerItemProxy */ = {
			isa = PBXContainerItemProxy;
			containerPortal = OBJ_1 /* Project object */;
			proxyType = 1;
			remoteGlobalIDString = OBJ_160;
			remoteInfo = SWXMLHash;
		};
		7FB1CF321EDC20FF00A1C514 /* PBXContainerItemProxy */ = {
			isa = PBXContainerItemProxy;
			containerPortal = OBJ_1 /* Project object */;
			proxyType = 1;
			remoteGlobalIDString = OBJ_168;
			remoteInfo = CYaml;
		};
		7FB1CF331EDC20FF00A1C514 /* PBXContainerItemProxy */ = {
			isa = PBXContainerItemProxy;
			containerPortal = OBJ_1 /* Project object */;
			proxyType = 1;
			remoteGlobalIDString = OBJ_183;
			remoteInfo = Yams;
		};
		7FB1CF341EDC20FF00A1C514 /* PBXContainerItemProxy */ = {
			isa = PBXContainerItemProxy;
			containerPortal = OBJ_1 /* Project object */;
			proxyType = 1;
			remoteGlobalIDString = OBJ_168;
			remoteInfo = CYaml;
		};
		7FB1CF351EDC20FF00A1C514 /* PBXContainerItemProxy */ = {
			isa = PBXContainerItemProxy;
			containerPortal = OBJ_1 /* Project object */;
			proxyType = 1;
			remoteGlobalIDString = OBJ_232;
			remoteInfo = SourceKittenFramework;
		};
		7FB1CF361EDC20FF00A1C514 /* PBXContainerItemProxy */ = {
			isa = PBXContainerItemProxy;
			containerPortal = OBJ_1 /* Project object */;
			proxyType = 1;
			remoteGlobalIDString = OBJ_134;
			remoteInfo = Result;
		};
		7FB1CF371EDC20FF00A1C514 /* PBXContainerItemProxy */ = {
			isa = PBXContainerItemProxy;
			containerPortal = OBJ_1 /* Project object */;
			proxyType = 1;
			remoteGlobalIDString = OBJ_142;
			remoteInfo = Commandant;
		};
		7FB1CF381EDC20FF00A1C514 /* PBXContainerItemProxy */ = {
			isa = PBXContainerItemProxy;
			containerPortal = OBJ_1 /* Project object */;
			proxyType = 1;
			remoteGlobalIDString = OBJ_160;
			remoteInfo = SWXMLHash;
		};
		7FB1CF391EDC20FF00A1C514 /* PBXContainerItemProxy */ = {
			isa = PBXContainerItemProxy;
			containerPortal = OBJ_1 /* Project object */;
			proxyType = 1;
			remoteGlobalIDString = OBJ_168;
			remoteInfo = CYaml;
		};
		7FB1CF3A1EDC20FF00A1C514 /* PBXContainerItemProxy */ = {
			isa = PBXContainerItemProxy;
			containerPortal = OBJ_1 /* Project object */;
			proxyType = 1;
			remoteGlobalIDString = OBJ_183;
			remoteInfo = Yams;
		};
		7FB1CF3B1EDC20FF00A1C514 /* PBXContainerItemProxy */ = {
			isa = PBXContainerItemProxy;
			containerPortal = OBJ_1 /* Project object */;
			proxyType = 1;
			remoteGlobalIDString = OBJ_282;
			remoteInfo = DIKit;
		};
		7FB1CF3C1EDC20FF00A1C514 /* PBXContainerItemProxy */ = {
			isa = PBXContainerItemProxy;
			containerPortal = OBJ_1 /* Project object */;
			proxyType = 1;
			remoteGlobalIDString = OBJ_134;
			remoteInfo = Result;
		};
		7FB1CF3D1EDC20FF00A1C514 /* PBXContainerItemProxy */ = {
			isa = PBXContainerItemProxy;
			containerPortal = OBJ_1 /* Project object */;
			proxyType = 1;
			remoteGlobalIDString = OBJ_142;
			remoteInfo = Commandant;
		};
		7FB1CF3E1EDC20FF00A1C514 /* PBXContainerItemProxy */ = {
			isa = PBXContainerItemProxy;
			containerPortal = OBJ_1 /* Project object */;
			proxyType = 1;
			remoteGlobalIDString = OBJ_160;
			remoteInfo = SWXMLHash;
		};
		7FB1CF3F1EDC20FF00A1C514 /* PBXContainerItemProxy */ = {
			isa = PBXContainerItemProxy;
			containerPortal = OBJ_1 /* Project object */;
			proxyType = 1;
			remoteGlobalIDString = OBJ_168;
			remoteInfo = CYaml;
		};
		7FB1CF401EDC20FF00A1C514 /* PBXContainerItemProxy */ = {
			isa = PBXContainerItemProxy;
			containerPortal = OBJ_1 /* Project object */;
			proxyType = 1;
			remoteGlobalIDString = OBJ_183;
			remoteInfo = Yams;
		};
		7FB1CF411EDC20FF00A1C514 /* PBXContainerItemProxy */ = {
			isa = PBXContainerItemProxy;
			containerPortal = OBJ_1 /* Project object */;
			proxyType = 1;
			remoteGlobalIDString = OBJ_232;
			remoteInfo = SourceKittenFramework;
		};
		7FB1CF421EDC210000A1C514 /* PBXContainerItemProxy */ = {
			isa = PBXContainerItemProxy;
			containerPortal = OBJ_1 /* Project object */;
			proxyType = 1;
			remoteGlobalIDString = OBJ_134;
			remoteInfo = Result;
		};
		7FB1CF431EDC210000A1C514 /* PBXContainerItemProxy */ = {
			isa = PBXContainerItemProxy;
			containerPortal = OBJ_1 /* Project object */;
			proxyType = 1;
			remoteGlobalIDString = OBJ_142;
			remoteInfo = Commandant;
		};
		7FB1CF441EDC210000A1C514 /* PBXContainerItemProxy */ = {
			isa = PBXContainerItemProxy;
			containerPortal = OBJ_1 /* Project object */;
			proxyType = 1;
			remoteGlobalIDString = OBJ_160;
			remoteInfo = SWXMLHash;
		};
		7FB1CF451EDC210000A1C514 /* PBXContainerItemProxy */ = {
			isa = PBXContainerItemProxy;
			containerPortal = OBJ_1 /* Project object */;
			proxyType = 1;
			remoteGlobalIDString = OBJ_168;
			remoteInfo = CYaml;
		};
		7FB1CF461EDC210000A1C514 /* PBXContainerItemProxy */ = {
			isa = PBXContainerItemProxy;
			containerPortal = OBJ_1 /* Project object */;
			proxyType = 1;
			remoteGlobalIDString = OBJ_183;
			remoteInfo = Yams;
		};
		7FB1CF471EDC210000A1C514 /* PBXContainerItemProxy */ = {
			isa = PBXContainerItemProxy;
			containerPortal = OBJ_1 /* Project object */;
			proxyType = 1;
			remoteGlobalIDString = OBJ_232;
			remoteInfo = SourceKittenFramework;
		};
/* End PBXContainerItemProxy section */

/* Begin PBXFileReference section */
		7F9F2CED1F37683000BE097F /* Graph.swift */ = {isa = PBXFileReference; fileEncoding = 4; lastKnownFileType = sourcecode.swift; path = Graph.swift; sourceTree = "<group>"; };
		7F9F2CEF1F376B6F00BE097F /* Node.swift */ = {isa = PBXFileReference; fileEncoding = 4; lastKnownFileType = sourcecode.swift; path = Node.swift; sourceTree = "<group>"; };
		7FB1CF481EDD1BE500A1C514 /* Extension.swift */ = {isa = PBXFileReference; fileEncoding = 4; lastKnownFileType = sourcecode.swift; path = Extension.swift; sourceTree = "<group>"; };
		OBJ_100 /* Representer.swift */ = {isa = PBXFileReference; lastKnownFileType = sourcecode.swift; path = Representer.swift; sourceTree = "<group>"; };
		OBJ_101 /* Resolver.swift */ = {isa = PBXFileReference; lastKnownFileType = sourcecode.swift; path = Resolver.swift; sourceTree = "<group>"; };
		OBJ_102 /* String+Yams.swift */ = {isa = PBXFileReference; lastKnownFileType = sourcecode.swift; path = "String+Yams.swift"; sourceTree = "<group>"; };
		OBJ_103 /* Tag.swift */ = {isa = PBXFileReference; lastKnownFileType = sourcecode.swift; path = Tag.swift; sourceTree = "<group>"; };
		OBJ_104 /* YamlError.swift */ = {isa = PBXFileReference; lastKnownFileType = sourcecode.swift; path = YamlError.swift; sourceTree = "<group>"; };
		OBJ_106 /* SWXMLHash+TypeConversion.swift */ = {isa = PBXFileReference; lastKnownFileType = sourcecode.swift; path = "SWXMLHash+TypeConversion.swift"; sourceTree = "<group>"; };
		OBJ_107 /* SWXMLHash.swift */ = {isa = PBXFileReference; lastKnownFileType = sourcecode.swift; path = SWXMLHash.swift; sourceTree = "<group>"; };
		OBJ_110 /* Argument.swift */ = {isa = PBXFileReference; lastKnownFileType = sourcecode.swift; path = Argument.swift; sourceTree = "<group>"; };
		OBJ_111 /* ArgumentParser.swift */ = {isa = PBXFileReference; lastKnownFileType = sourcecode.swift; path = ArgumentParser.swift; sourceTree = "<group>"; };
		OBJ_112 /* ArgumentProtocol.swift */ = {isa = PBXFileReference; lastKnownFileType = sourcecode.swift; path = ArgumentProtocol.swift; sourceTree = "<group>"; };
		OBJ_113 /* Command.swift */ = {isa = PBXFileReference; lastKnownFileType = sourcecode.swift; path = Command.swift; sourceTree = "<group>"; };
		OBJ_114 /* Errors.swift */ = {isa = PBXFileReference; lastKnownFileType = sourcecode.swift; path = Errors.swift; sourceTree = "<group>"; };
		OBJ_115 /* Extensions.swift */ = {isa = PBXFileReference; lastKnownFileType = sourcecode.swift; path = Extensions.swift; sourceTree = "<group>"; };
		OBJ_116 /* HelpCommand.swift */ = {isa = PBXFileReference; lastKnownFileType = sourcecode.swift; path = HelpCommand.swift; sourceTree = "<group>"; };
		OBJ_117 /* LinuxSupport.swift */ = {isa = PBXFileReference; lastKnownFileType = sourcecode.swift; path = LinuxSupport.swift; sourceTree = "<group>"; };
		OBJ_118 /* Option.swift */ = {isa = PBXFileReference; lastKnownFileType = sourcecode.swift; path = Option.swift; sourceTree = "<group>"; };
		OBJ_119 /* Switch.swift */ = {isa = PBXFileReference; lastKnownFileType = sourcecode.swift; path = Switch.swift; sourceTree = "<group>"; };
		OBJ_12 /* Code.swift */ = {isa = PBXFileReference; lastKnownFileType = sourcecode.swift; path = Code.swift; sourceTree = "<group>"; };
		OBJ_122 /* Result.swift */ = {isa = PBXFileReference; lastKnownFileType = sourcecode.swift; path = Result.swift; sourceTree = "<group>"; };
		OBJ_123 /* ResultProtocol.swift */ = {isa = PBXFileReference; lastKnownFileType = sourcecode.swift; path = ResultProtocol.swift; sourceTree = "<group>"; };
		OBJ_125 /* Result.framework */ = {isa = PBXFileReference; explicitFileType = wrapper.framework; path = Result.framework; sourceTree = BUILT_PRODUCTS_DIR; };
		OBJ_126 /* Commandant.framework */ = {isa = PBXFileReference; explicitFileType = wrapper.framework; path = Commandant.framework; sourceTree = BUILT_PRODUCTS_DIR; };
		OBJ_127 /* SWXMLHash.framework */ = {isa = PBXFileReference; explicitFileType = wrapper.framework; path = SWXMLHash.framework; sourceTree = BUILT_PRODUCTS_DIR; };
		OBJ_128 /* CYaml.framework */ = {isa = PBXFileReference; explicitFileType = wrapper.framework; path = CYaml.framework; sourceTree = BUILT_PRODUCTS_DIR; };
		OBJ_129 /* Yams.framework */ = {isa = PBXFileReference; explicitFileType = wrapper.framework; path = Yams.framework; sourceTree = BUILT_PRODUCTS_DIR; };
		OBJ_13 /* main.swift */ = {isa = PBXFileReference; lastKnownFileType = sourcecode.swift; path = main.swift; sourceTree = "<group>"; };
		OBJ_130 /* sourcekitten */ = {isa = PBXFileReference; lastKnownFileType = text; path = sourcekitten; sourceTree = BUILT_PRODUCTS_DIR; };
		OBJ_131 /* SourceKittenFramework.framework */ = {isa = PBXFileReference; explicitFileType = wrapper.framework; path = SourceKittenFramework.framework; sourceTree = BUILT_PRODUCTS_DIR; };
		OBJ_132 /* DIKit.framework */ = {isa = PBXFileReference; explicitFileType = wrapper.framework; path = DIKit.framework; sourceTree = BUILT_PRODUCTS_DIR; };
		OBJ_133 /* dikitgen */ = {isa = PBXFileReference; lastKnownFileType = text; path = dikitgen; sourceTree = BUILT_PRODUCTS_DIR; };
		OBJ_15 /* Function.swift */ = {isa = PBXFileReference; lastKnownFileType = sourcecode.swift; path = Function.swift; sourceTree = "<group>"; };
		OBJ_16 /* Property.swift */ = {isa = PBXFileReference; lastKnownFileType = sourcecode.swift; path = Property.swift; sourceTree = "<group>"; };
		OBJ_17 /* Type.swift */ = {isa = PBXFileReference; lastKnownFileType = sourcecode.swift; path = Type.swift; sourceTree = "<group>"; };
		OBJ_19 /* String+Name.swift */ = {isa = PBXFileReference; lastKnownFileType = sourcecode.swift; path = "String+Name.swift"; sourceTree = "<group>"; };
		OBJ_20 /* Structure+Property.swift */ = {isa = PBXFileReference; lastKnownFileType = sourcecode.swift; path = "Structure+Property.swift"; sourceTree = "<group>"; };
		OBJ_29 /* CompleteCommand.swift */ = {isa = PBXFileReference; lastKnownFileType = sourcecode.swift; path = CompleteCommand.swift; sourceTree = "<group>"; };
		OBJ_30 /* DocCommand.swift */ = {isa = PBXFileReference; lastKnownFileType = sourcecode.swift; path = DocCommand.swift; sourceTree = "<group>"; };
		OBJ_31 /* Errors.swift */ = {isa = PBXFileReference; lastKnownFileType = sourcecode.swift; path = Errors.swift; sourceTree = "<group>"; };
		OBJ_32 /* FormatCommand.swift */ = {isa = PBXFileReference; lastKnownFileType = sourcecode.swift; path = FormatCommand.swift; sourceTree = "<group>"; };
		OBJ_33 /* IndexCommand.swift */ = {isa = PBXFileReference; lastKnownFileType = sourcecode.swift; path = IndexCommand.swift; sourceTree = "<group>"; };
		OBJ_34 /* main.swift */ = {isa = PBXFileReference; lastKnownFileType = sourcecode.swift; path = main.swift; sourceTree = "<group>"; };
		OBJ_35 /* StructureCommand.swift */ = {isa = PBXFileReference; lastKnownFileType = sourcecode.swift; path = StructureCommand.swift; sourceTree = "<group>"; };
		OBJ_36 /* SyntaxCommand.swift */ = {isa = PBXFileReference; lastKnownFileType = sourcecode.swift; path = SyntaxCommand.swift; sourceTree = "<group>"; };
		OBJ_37 /* VersionCommand.swift */ = {isa = PBXFileReference; lastKnownFileType = sourcecode.swift; path = VersionCommand.swift; sourceTree = "<group>"; };
		OBJ_38 /* YamlRequestCommand.swift */ = {isa = PBXFileReference; lastKnownFileType = sourcecode.swift; path = YamlRequestCommand.swift; sourceTree = "<group>"; };
		OBJ_40 /* Clang+SourceKitten.swift */ = {isa = PBXFileReference; lastKnownFileType = sourcecode.swift; path = "Clang+SourceKitten.swift"; sourceTree = "<group>"; };
		OBJ_41 /* ClangTranslationUnit.swift */ = {isa = PBXFileReference; lastKnownFileType = sourcecode.swift; path = ClangTranslationUnit.swift; sourceTree = "<group>"; };
		OBJ_42 /* CodeCompletionItem.swift */ = {isa = PBXFileReference; lastKnownFileType = sourcecode.swift; path = CodeCompletionItem.swift; sourceTree = "<group>"; };
		OBJ_43 /* Dictionary+Merge.swift */ = {isa = PBXFileReference; lastKnownFileType = sourcecode.swift; path = "Dictionary+Merge.swift"; sourceTree = "<group>"; };
		OBJ_44 /* Documentation.swift */ = {isa = PBXFileReference; lastKnownFileType = sourcecode.swift; path = Documentation.swift; sourceTree = "<group>"; };
		OBJ_45 /* File.swift */ = {isa = PBXFileReference; lastKnownFileType = sourcecode.swift; path = File.swift; sourceTree = "<group>"; };
		OBJ_46 /* JSONOutput.swift */ = {isa = PBXFileReference; lastKnownFileType = sourcecode.swift; path = JSONOutput.swift; sourceTree = "<group>"; };
		OBJ_47 /* Language.swift */ = {isa = PBXFileReference; lastKnownFileType = sourcecode.swift; path = Language.swift; sourceTree = "<group>"; };
		OBJ_48 /* library_wrapper.swift */ = {isa = PBXFileReference; lastKnownFileType = sourcecode.swift; path = library_wrapper.swift; sourceTree = "<group>"; };
		OBJ_49 /* library_wrapper_CXString.swift */ = {isa = PBXFileReference; lastKnownFileType = sourcecode.swift; path = library_wrapper_CXString.swift; sourceTree = "<group>"; };
		OBJ_50 /* library_wrapper_Documentation.swift */ = {isa = PBXFileReference; lastKnownFileType = sourcecode.swift; path = library_wrapper_Documentation.swift; sourceTree = "<group>"; };
		OBJ_51 /* library_wrapper_Index.swift */ = {isa = PBXFileReference; lastKnownFileType = sourcecode.swift; path = library_wrapper_Index.swift; sourceTree = "<group>"; };
		OBJ_52 /* library_wrapper_sourcekitd.swift */ = {isa = PBXFileReference; lastKnownFileType = sourcecode.swift; path = library_wrapper_sourcekitd.swift; sourceTree = "<group>"; };
		OBJ_53 /* LinuxCompatibility.swift */ = {isa = PBXFileReference; lastKnownFileType = sourcecode.swift; path = LinuxCompatibility.swift; sourceTree = "<group>"; };
		OBJ_54 /* Module.swift */ = {isa = PBXFileReference; lastKnownFileType = sourcecode.swift; path = Module.swift; sourceTree = "<group>"; };
		OBJ_55 /* ObjCDeclarationKind.swift */ = {isa = PBXFileReference; lastKnownFileType = sourcecode.swift; path = ObjCDeclarationKind.swift; sourceTree = "<group>"; };
		OBJ_56 /* OffsetMap.swift */ = {isa = PBXFileReference; lastKnownFileType = sourcecode.swift; path = OffsetMap.swift; sourceTree = "<group>"; };
		OBJ_57 /* Parameter.swift */ = {isa = PBXFileReference; lastKnownFileType = sourcecode.swift; path = Parameter.swift; sourceTree = "<group>"; };
		OBJ_58 /* Request.swift */ = {isa = PBXFileReference; lastKnownFileType = sourcecode.swift; path = Request.swift; sourceTree = "<group>"; };
		OBJ_59 /* SourceDeclaration.swift */ = {isa = PBXFileReference; lastKnownFileType = sourcecode.swift; path = SourceDeclaration.swift; sourceTree = "<group>"; };
		OBJ_6 /* Package.swift */ = {isa = PBXFileReference; explicitFileType = sourcecode.swift; path = Package.swift; sourceTree = "<group>"; };
		OBJ_60 /* SourceLocation.swift */ = {isa = PBXFileReference; lastKnownFileType = sourcecode.swift; path = SourceLocation.swift; sourceTree = "<group>"; };
		OBJ_61 /* StatementKind.swift */ = {isa = PBXFileReference; lastKnownFileType = sourcecode.swift; path = StatementKind.swift; sourceTree = "<group>"; };
		OBJ_62 /* String+SourceKitten.swift */ = {isa = PBXFileReference; lastKnownFileType = sourcecode.swift; path = "String+SourceKitten.swift"; sourceTree = "<group>"; };
		OBJ_63 /* Structure.swift */ = {isa = PBXFileReference; lastKnownFileType = sourcecode.swift; path = Structure.swift; sourceTree = "<group>"; };
		OBJ_64 /* SwiftDeclarationKind.swift */ = {isa = PBXFileReference; lastKnownFileType = sourcecode.swift; path = SwiftDeclarationKind.swift; sourceTree = "<group>"; };
		OBJ_65 /* SwiftDocKey.swift */ = {isa = PBXFileReference; lastKnownFileType = sourcecode.swift; path = SwiftDocKey.swift; sourceTree = "<group>"; };
		OBJ_66 /* SwiftDocs.swift */ = {isa = PBXFileReference; lastKnownFileType = sourcecode.swift; path = SwiftDocs.swift; sourceTree = "<group>"; };
		OBJ_67 /* SwiftLangSyntax.swift */ = {isa = PBXFileReference; lastKnownFileType = sourcecode.swift; path = SwiftLangSyntax.swift; sourceTree = "<group>"; };
		OBJ_68 /* SyntaxKind.swift */ = {isa = PBXFileReference; lastKnownFileType = sourcecode.swift; path = SyntaxKind.swift; sourceTree = "<group>"; };
		OBJ_69 /* SyntaxMap.swift */ = {isa = PBXFileReference; lastKnownFileType = sourcecode.swift; path = SyntaxMap.swift; sourceTree = "<group>"; };
		OBJ_70 /* SyntaxToken.swift */ = {isa = PBXFileReference; lastKnownFileType = sourcecode.swift; path = SyntaxToken.swift; sourceTree = "<group>"; };
		OBJ_71 /* Text.swift */ = {isa = PBXFileReference; lastKnownFileType = sourcecode.swift; path = Text.swift; sourceTree = "<group>"; };
		OBJ_72 /* Version.swift */ = {isa = PBXFileReference; lastKnownFileType = sourcecode.swift; path = Version.swift; sourceTree = "<group>"; };
		OBJ_73 /* Xcode.swift */ = {isa = PBXFileReference; lastKnownFileType = sourcecode.swift; path = Xcode.swift; sourceTree = "<group>"; };
		OBJ_79 /* api.c */ = {isa = PBXFileReference; lastKnownFileType = sourcecode.c.c; path = api.c; sourceTree = "<group>"; };
		OBJ_80 /* dumper.c */ = {isa = PBXFileReference; lastKnownFileType = sourcecode.c.c; path = dumper.c; sourceTree = "<group>"; };
		OBJ_81 /* emitter.c */ = {isa = PBXFileReference; lastKnownFileType = sourcecode.c.c; path = emitter.c; sourceTree = "<group>"; };
		OBJ_82 /* loader.c */ = {isa = PBXFileReference; lastKnownFileType = sourcecode.c.c; path = loader.c; sourceTree = "<group>"; };
		OBJ_83 /* parser.c */ = {isa = PBXFileReference; lastKnownFileType = sourcecode.c.c; path = parser.c; sourceTree = "<group>"; };
		OBJ_84 /* reader.c */ = {isa = PBXFileReference; lastKnownFileType = sourcecode.c.c; path = reader.c; sourceTree = "<group>"; };
		OBJ_85 /* scanner.c */ = {isa = PBXFileReference; lastKnownFileType = sourcecode.c.c; path = scanner.c; sourceTree = "<group>"; };
		OBJ_86 /* writer.c */ = {isa = PBXFileReference; lastKnownFileType = sourcecode.c.c; path = writer.c; sourceTree = "<group>"; };
		OBJ_88 /* CYaml.h */ = {isa = PBXFileReference; lastKnownFileType = sourcecode.c.h; path = CYaml.h; sourceTree = "<group>"; };
		OBJ_89 /* yaml.h */ = {isa = PBXFileReference; lastKnownFileType = sourcecode.c.h; path = yaml.h; sourceTree = "<group>"; };
		OBJ_9 /* Injectable.swift */ = {isa = PBXFileReference; lastKnownFileType = sourcecode.swift; path = Injectable.swift; sourceTree = "<group>"; };
		OBJ_90 /* module.modulemap */ = {isa = PBXFileReference; lastKnownFileType = "sourcecode.module-map"; name = module.modulemap; path = /Users/ishkawa/dev/src/github.com/ishkawa/DIKit/DIKit.xcodeproj/GeneratedModuleMap/CYaml/module.modulemap; sourceTree = "<group>"; };
		OBJ_92 /* Constructor.swift */ = {isa = PBXFileReference; lastKnownFileType = sourcecode.swift; path = Constructor.swift; sourceTree = "<group>"; };
		OBJ_93 /* Emitter.swift */ = {isa = PBXFileReference; lastKnownFileType = sourcecode.swift; path = Emitter.swift; sourceTree = "<group>"; };
		OBJ_94 /* Mark.swift */ = {isa = PBXFileReference; lastKnownFileType = sourcecode.swift; path = Mark.swift; sourceTree = "<group>"; };
		OBJ_95 /* Node.Mapping.swift */ = {isa = PBXFileReference; lastKnownFileType = sourcecode.swift; path = Node.Mapping.swift; sourceTree = "<group>"; };
		OBJ_96 /* Node.Scalar.swift */ = {isa = PBXFileReference; lastKnownFileType = sourcecode.swift; path = Node.Scalar.swift; sourceTree = "<group>"; };
		OBJ_97 /* Node.Sequence.swift */ = {isa = PBXFileReference; lastKnownFileType = sourcecode.swift; path = Node.Sequence.swift; sourceTree = "<group>"; };
		OBJ_98 /* Node.swift */ = {isa = PBXFileReference; lastKnownFileType = sourcecode.swift; path = Node.swift; sourceTree = "<group>"; };
		OBJ_99 /* Parser.swift */ = {isa = PBXFileReference; lastKnownFileType = sourcecode.swift; path = Parser.swift; sourceTree = "<group>"; };
/* End PBXFileReference section */

/* Begin PBXFrameworksBuildPhase section */
		OBJ_141 /* Frameworks */ = {
			isa = PBXFrameworksBuildPhase;
			buildActionMask = 0;
			files = (
			);
			runOnlyForDeploymentPostprocessing = 0;
		};
		OBJ_157 /* Frameworks */ = {
			isa = PBXFrameworksBuildPhase;
			buildActionMask = 0;
			files = (
				OBJ_158 /* Result.framework in Frameworks */,
			);
			runOnlyForDeploymentPostprocessing = 0;
		};
		OBJ_167 /* Frameworks */ = {
			isa = PBXFrameworksBuildPhase;
			buildActionMask = 0;
			files = (
			);
			runOnlyForDeploymentPostprocessing = 0;
		};
		OBJ_182 /* Frameworks */ = {
			isa = PBXFrameworksBuildPhase;
			buildActionMask = 0;
			files = (
			);
			runOnlyForDeploymentPostprocessing = 0;
		};
		OBJ_201 /* Frameworks */ = {
			isa = PBXFrameworksBuildPhase;
			buildActionMask = 0;
			files = (
				OBJ_202 /* CYaml.framework in Frameworks */,
			);
			runOnlyForDeploymentPostprocessing = 0;
		};
		OBJ_219 /* Frameworks */ = {
			isa = PBXFrameworksBuildPhase;
			buildActionMask = 0;
			files = (
				OBJ_220 /* Result.framework in Frameworks */,
				OBJ_221 /* Commandant.framework in Frameworks */,
				OBJ_222 /* SWXMLHash.framework in Frameworks */,
				OBJ_223 /* CYaml.framework in Frameworks */,
				OBJ_224 /* Yams.framework in Frameworks */,
				OBJ_225 /* SourceKittenFramework.framework in Frameworks */,
			);
			runOnlyForDeploymentPostprocessing = 0;
		};
		OBJ_271 /* Frameworks */ = {
			isa = PBXFrameworksBuildPhase;
			buildActionMask = 0;
			files = (
				OBJ_272 /* Result.framework in Frameworks */,
				OBJ_273 /* Commandant.framework in Frameworks */,
				OBJ_274 /* SWXMLHash.framework in Frameworks */,
				OBJ_275 /* CYaml.framework in Frameworks */,
				OBJ_276 /* Yams.framework in Frameworks */,
			);
			runOnlyForDeploymentPostprocessing = 0;
		};
		OBJ_289 /* Frameworks */ = {
			isa = PBXFrameworksBuildPhase;
			buildActionMask = 0;
			files = (
				OBJ_290 /* Result.framework in Frameworks */,
				OBJ_291 /* Commandant.framework in Frameworks */,
				OBJ_292 /* SWXMLHash.framework in Frameworks */,
				OBJ_293 /* CYaml.framework in Frameworks */,
				OBJ_294 /* Yams.framework in Frameworks */,
				OBJ_295 /* SourceKittenFramework.framework in Frameworks */,
			);
			runOnlyForDeploymentPostprocessing = 0;
		};
		OBJ_317 /* Frameworks */ = {
			isa = PBXFrameworksBuildPhase;
			buildActionMask = 0;
			files = (
				OBJ_318 /* Result.framework in Frameworks */,
				OBJ_319 /* Commandant.framework in Frameworks */,
				OBJ_320 /* SWXMLHash.framework in Frameworks */,
				OBJ_321 /* CYaml.framework in Frameworks */,
				OBJ_322 /* Yams.framework in Frameworks */,
				OBJ_323 /* SourceKittenFramework.framework in Frameworks */,
				OBJ_324 /* DIKit.framework in Frameworks */,
			);
			runOnlyForDeploymentPostprocessing = 0;
		};
/* End PBXFrameworksBuildPhase section */

/* Begin PBXGroup section */
		7F9F2CEC1F37683000BE097F /* Graph */ = {
			isa = PBXGroup;
			children = (
				7F9F2CED1F37683000BE097F /* Graph.swift */,
				7F9F2CEF1F376B6F00BE097F /* Node.swift */,
			);
			path = Graph;
			sourceTree = "<group>";
		};
		OBJ_105 /* SWXMLHash 3.1.0 */ = {
			isa = PBXGroup;
			children = (
				OBJ_106 /* SWXMLHash+TypeConversion.swift */,
				OBJ_107 /* SWXMLHash.swift */,
			);
			name = "SWXMLHash 3.1.0";
			path = ".build/checkouts/SWXMLHash.git-5776748636326364470/Source";
			sourceTree = SOURCE_ROOT;
		};
		OBJ_108 /* Commandant 0.12.0 */ = {
			isa = PBXGroup;
			children = (
				OBJ_109 /* Commandant */,
			);
			name = "Commandant 0.12.0";
			sourceTree = SOURCE_ROOT;
		};
		OBJ_109 /* Commandant */ = {
			isa = PBXGroup;
			children = (
				OBJ_110 /* Argument.swift */,
				OBJ_111 /* ArgumentParser.swift */,
				OBJ_112 /* ArgumentProtocol.swift */,
				OBJ_113 /* Command.swift */,
				OBJ_114 /* Errors.swift */,
				OBJ_115 /* Extensions.swift */,
				OBJ_116 /* HelpCommand.swift */,
				OBJ_117 /* LinuxSupport.swift */,
				OBJ_118 /* Option.swift */,
				OBJ_119 /* Switch.swift */,
			);
			name = Commandant;
			path = ".build/checkouts/Commandant.git-3062511658102057207/Sources/Commandant";
			sourceTree = SOURCE_ROOT;
		};
		OBJ_11 /* dikitgen */ = {
			isa = PBXGroup;
			children = (
				OBJ_12 /* Code.swift */,
				OBJ_13 /* main.swift */,
				7F9F2CEC1F37683000BE097F /* Graph */,
				OBJ_14 /* Declaration */,
				OBJ_18 /* Extension */,
			);
			name = dikitgen;
			path = Sources/dikitgen;
			sourceTree = SOURCE_ROOT;
		};
		OBJ_120 /* Result 3.2.2 */ = {
			isa = PBXGroup;
			children = (
				OBJ_121 /* Result */,
			);
			name = "Result 3.2.2";
			sourceTree = SOURCE_ROOT;
		};
		OBJ_121 /* Result */ = {
			isa = PBXGroup;
			children = (
				OBJ_122 /* Result.swift */,
				OBJ_123 /* ResultProtocol.swift */,
			);
			name = Result;
			path = ".build/checkouts/Result.git-8684547452332391156/Result";
			sourceTree = SOURCE_ROOT;
		};
		OBJ_124 /* Products */ = {
			isa = PBXGroup;
			children = (
				OBJ_125 /* Result.framework */,
				OBJ_126 /* Commandant.framework */,
				OBJ_127 /* SWXMLHash.framework */,
				OBJ_128 /* CYaml.framework */,
				OBJ_129 /* Yams.framework */,
				OBJ_130 /* sourcekitten */,
				OBJ_131 /* SourceKittenFramework.framework */,
				OBJ_132 /* DIKit.framework */,
				OBJ_133 /* dikitgen */,
			);
			name = Products;
			sourceTree = BUILT_PRODUCTS_DIR;
		};
		OBJ_14 /* Declaration */ = {
			isa = PBXGroup;
			children = (
				OBJ_15 /* Function.swift */,
				OBJ_16 /* Property.swift */,
				OBJ_17 /* Type.swift */,
				7FB1CF481EDD1BE500A1C514 /* Extension.swift */,
			);
			path = Declaration;
			sourceTree = "<group>";
		};
		OBJ_18 /* Extension */ = {
			isa = PBXGroup;
			children = (
				OBJ_19 /* String+Name.swift */,
				OBJ_20 /* Structure+Property.swift */,
			);
			path = Extension;
			sourceTree = "<group>";
		};
		OBJ_25 /* Tests */ = {
			isa = PBXGroup;
			children = (
			);
			name = Tests;
			sourceTree = SOURCE_ROOT;
		};
		OBJ_26 /* Dependencies */ = {
			isa = PBXGroup;
			children = (
				OBJ_27 /* SourceKitten 0.17.6 */,
				OBJ_74 /* SourceKit 1.0.1 */,
				OBJ_75 /* Clang_C 1.0.2 */,
				OBJ_76 /* Yams 0.3.2 */,
				OBJ_105 /* SWXMLHash 3.1.0 */,
				OBJ_108 /* Commandant 0.12.0 */,
				OBJ_120 /* Result 3.2.2 */,
			);
			name = Dependencies;
			sourceTree = "<group>";
		};
		OBJ_27 /* SourceKitten 0.17.6 */ = {
			isa = PBXGroup;
			children = (
				OBJ_28 /* sourcekitten */,
				OBJ_39 /* SourceKittenFramework */,
			);
			name = "SourceKitten 0.17.6";
			sourceTree = SOURCE_ROOT;
		};
		OBJ_28 /* sourcekitten */ = {
			isa = PBXGroup;
			children = (
				OBJ_29 /* CompleteCommand.swift */,
				OBJ_30 /* DocCommand.swift */,
				OBJ_31 /* Errors.swift */,
				OBJ_32 /* FormatCommand.swift */,
				OBJ_33 /* IndexCommand.swift */,
				OBJ_34 /* main.swift */,
				OBJ_35 /* StructureCommand.swift */,
				OBJ_36 /* SyntaxCommand.swift */,
				OBJ_37 /* VersionCommand.swift */,
				OBJ_38 /* YamlRequestCommand.swift */,
			);
			name = sourcekitten;
			path = ".build/checkouts/SourceKitten.git-6484296299232452758/Source/sourcekitten";
			sourceTree = SOURCE_ROOT;
		};
		OBJ_39 /* SourceKittenFramework */ = {
			isa = PBXGroup;
			children = (
				OBJ_40 /* Clang+SourceKitten.swift */,
				OBJ_41 /* ClangTranslationUnit.swift */,
				OBJ_42 /* CodeCompletionItem.swift */,
				OBJ_43 /* Dictionary+Merge.swift */,
				OBJ_44 /* Documentation.swift */,
				OBJ_45 /* File.swift */,
				OBJ_46 /* JSONOutput.swift */,
				OBJ_47 /* Language.swift */,
				OBJ_48 /* library_wrapper.swift */,
				OBJ_49 /* library_wrapper_CXString.swift */,
				OBJ_50 /* library_wrapper_Documentation.swift */,
				OBJ_51 /* library_wrapper_Index.swift */,
				OBJ_52 /* library_wrapper_sourcekitd.swift */,
				OBJ_53 /* LinuxCompatibility.swift */,
				OBJ_54 /* Module.swift */,
				OBJ_55 /* ObjCDeclarationKind.swift */,
				OBJ_56 /* OffsetMap.swift */,
				OBJ_57 /* Parameter.swift */,
				OBJ_58 /* Request.swift */,
				OBJ_59 /* SourceDeclaration.swift */,
				OBJ_60 /* SourceLocation.swift */,
				OBJ_61 /* StatementKind.swift */,
				OBJ_62 /* String+SourceKitten.swift */,
				OBJ_63 /* Structure.swift */,
				OBJ_64 /* SwiftDeclarationKind.swift */,
				OBJ_65 /* SwiftDocKey.swift */,
				OBJ_66 /* SwiftDocs.swift */,
				OBJ_67 /* SwiftLangSyntax.swift */,
				OBJ_68 /* SyntaxKind.swift */,
				OBJ_69 /* SyntaxMap.swift */,
				OBJ_70 /* SyntaxToken.swift */,
				OBJ_71 /* Text.swift */,
				OBJ_72 /* Version.swift */,
				OBJ_73 /* Xcode.swift */,
			);
			name = SourceKittenFramework;
			path = ".build/checkouts/SourceKitten.git-6484296299232452758/Source/SourceKittenFramework";
			sourceTree = SOURCE_ROOT;
		};
		OBJ_5 = {
			isa = PBXGroup;
			children = (
				OBJ_6 /* Package.swift */,
				OBJ_7 /* Sources */,
				OBJ_25 /* Tests */,
				OBJ_26 /* Dependencies */,
				OBJ_124 /* Products */,
			);
			sourceTree = "<group>";
		};
		OBJ_7 /* Sources */ = {
			isa = PBXGroup;
			children = (
				OBJ_8 /* DIKit */,
				OBJ_11 /* dikitgen */,
			);
			name = Sources;
			sourceTree = SOURCE_ROOT;
		};
		OBJ_74 /* SourceKit 1.0.1 */ = {
			isa = PBXGroup;
			children = (
			);
			name = "SourceKit 1.0.1";
			path = ".build/checkouts/SourceKit.git-6033254968535974678";
			sourceTree = SOURCE_ROOT;
		};
		OBJ_75 /* Clang_C 1.0.2 */ = {
			isa = PBXGroup;
			children = (
			);
			name = "Clang_C 1.0.2";
			path = ".build/checkouts/Clang_C.git-5715122005051714050";
			sourceTree = SOURCE_ROOT;
		};
		OBJ_76 /* Yams 0.3.2 */ = {
			isa = PBXGroup;
			children = (
				OBJ_77 /* CYaml */,
				OBJ_91 /* Yams */,
			);
			name = "Yams 0.3.2";
			sourceTree = SOURCE_ROOT;
		};
		OBJ_77 /* CYaml */ = {
			isa = PBXGroup;
			children = (
				OBJ_78 /* src */,
				OBJ_87 /* include */,
			);
			name = CYaml;
			path = ".build/checkouts/Yams.git-8068124914099325722/Sources/CYaml";
			sourceTree = SOURCE_ROOT;
		};
		OBJ_78 /* src */ = {
			isa = PBXGroup;
			children = (
				OBJ_79 /* api.c */,
				OBJ_80 /* dumper.c */,
				OBJ_81 /* emitter.c */,
				OBJ_82 /* loader.c */,
				OBJ_83 /* parser.c */,
				OBJ_84 /* reader.c */,
				OBJ_85 /* scanner.c */,
				OBJ_86 /* writer.c */,
			);
			path = src;
			sourceTree = "<group>";
		};
		OBJ_8 /* DIKit */ = {
			isa = PBXGroup;
			children = (
				OBJ_9 /* Injectable.swift */,
			);
			name = DIKit;
			path = Sources/DIKit;
			sourceTree = SOURCE_ROOT;
		};
		OBJ_87 /* include */ = {
			isa = PBXGroup;
			children = (
				OBJ_88 /* CYaml.h */,
				OBJ_89 /* yaml.h */,
				OBJ_90 /* module.modulemap */,
			);
			path = include;
			sourceTree = "<group>";
		};
		OBJ_91 /* Yams */ = {
			isa = PBXGroup;
			children = (
				OBJ_92 /* Constructor.swift */,
				OBJ_93 /* Emitter.swift */,
				OBJ_94 /* Mark.swift */,
				OBJ_95 /* Node.Mapping.swift */,
				OBJ_96 /* Node.Scalar.swift */,
				OBJ_97 /* Node.Sequence.swift */,
				OBJ_98 /* Node.swift */,
				OBJ_99 /* Parser.swift */,
				OBJ_100 /* Representer.swift */,
				OBJ_101 /* Resolver.swift */,
				OBJ_102 /* String+Yams.swift */,
				OBJ_103 /* Tag.swift */,
				OBJ_104 /* YamlError.swift */,
			);
			name = Yams;
			path = ".build/checkouts/Yams.git-8068124914099325722/Sources/Yams";
			sourceTree = SOURCE_ROOT;
		};
/* End PBXGroup section */

/* Begin PBXNativeTarget section */
		OBJ_134 /* Result */ = {
			isa = PBXNativeTarget;
			buildConfigurationList = OBJ_135 /* Build configuration list for PBXNativeTarget "Result" */;
			buildPhases = (
				OBJ_138 /* Sources */,
				OBJ_141 /* Frameworks */,
			);
			buildRules = (
			);
			dependencies = (
			);
			name = Result;
			productName = Result;
			productReference = OBJ_125 /* Result.framework */;
			productType = "com.apple.product-type.framework";
		};
		OBJ_142 /* Commandant */ = {
			isa = PBXNativeTarget;
			buildConfigurationList = OBJ_143 /* Build configuration list for PBXNativeTarget "Commandant" */;
			buildPhases = (
				OBJ_146 /* Sources */,
				OBJ_157 /* Frameworks */,
			);
			buildRules = (
			);
			dependencies = (
				OBJ_159 /* PBXTargetDependency */,
			);
			name = Commandant;
			productName = Commandant;
			productReference = OBJ_126 /* Commandant.framework */;
			productType = "com.apple.product-type.framework";
		};
		OBJ_160 /* SWXMLHash */ = {
			isa = PBXNativeTarget;
			buildConfigurationList = OBJ_161 /* Build configuration list for PBXNativeTarget "SWXMLHash" */;
			buildPhases = (
				OBJ_164 /* Sources */,
				OBJ_167 /* Frameworks */,
			);
			buildRules = (
			);
			dependencies = (
			);
			name = SWXMLHash;
			productName = SWXMLHash;
			productReference = OBJ_127 /* SWXMLHash.framework */;
			productType = "com.apple.product-type.framework";
		};
		OBJ_168 /* CYaml */ = {
			isa = PBXNativeTarget;
			buildConfigurationList = OBJ_169 /* Build configuration list for PBXNativeTarget "CYaml" */;
			buildPhases = (
				OBJ_172 /* ShellScript */,
				OBJ_173 /* Sources */,
				OBJ_182 /* Frameworks */,
			);
			buildRules = (
			);
			dependencies = (
			);
			name = CYaml;
			productName = CYaml;
			productReference = OBJ_128 /* CYaml.framework */;
			productType = "com.apple.product-type.framework";
		};
		OBJ_183 /* Yams */ = {
			isa = PBXNativeTarget;
			buildConfigurationList = OBJ_184 /* Build configuration list for PBXNativeTarget "Yams" */;
			buildPhases = (
				OBJ_187 /* Sources */,
				OBJ_201 /* Frameworks */,
			);
			buildRules = (
			);
			dependencies = (
				OBJ_203 /* PBXTargetDependency */,
			);
			name = Yams;
			productName = Yams;
			productReference = OBJ_129 /* Yams.framework */;
			productType = "com.apple.product-type.framework";
		};
		OBJ_204 /* sourcekitten */ = {
			isa = PBXNativeTarget;
			buildConfigurationList = OBJ_205 /* Build configuration list for PBXNativeTarget "sourcekitten" */;
			buildPhases = (
				OBJ_208 /* Sources */,
				OBJ_219 /* Frameworks */,
			);
			buildRules = (
			);
			dependencies = (
				OBJ_226 /* PBXTargetDependency */,
				OBJ_227 /* PBXTargetDependency */,
				OBJ_228 /* PBXTargetDependency */,
				OBJ_229 /* PBXTargetDependency */,
				OBJ_230 /* PBXTargetDependency */,
				OBJ_231 /* PBXTargetDependency */,
			);
			name = sourcekitten;
			productName = sourcekitten;
			productReference = OBJ_130 /* sourcekitten */;
			productType = "com.apple.product-type.tool";
		};
		OBJ_232 /* SourceKittenFramework */ = {
			isa = PBXNativeTarget;
			buildConfigurationList = OBJ_233 /* Build configuration list for PBXNativeTarget "SourceKittenFramework" */;
			buildPhases = (
				OBJ_236 /* Sources */,
				OBJ_271 /* Frameworks */,
			);
			buildRules = (
			);
			dependencies = (
				OBJ_277 /* PBXTargetDependency */,
				OBJ_278 /* PBXTargetDependency */,
				OBJ_279 /* PBXTargetDependency */,
				OBJ_280 /* PBXTargetDependency */,
				OBJ_281 /* PBXTargetDependency */,
			);
			name = SourceKittenFramework;
			productName = SourceKittenFramework;
			productReference = OBJ_131 /* SourceKittenFramework.framework */;
			productType = "com.apple.product-type.framework";
		};
		OBJ_282 /* DIKit */ = {
			isa = PBXNativeTarget;
			buildConfigurationList = OBJ_283 /* Build configuration list for PBXNativeTarget "DIKit" */;
			buildPhases = (
				OBJ_286 /* Sources */,
				OBJ_289 /* Frameworks */,
			);
			buildRules = (
			);
			dependencies = (
				OBJ_296 /* PBXTargetDependency */,
				OBJ_297 /* PBXTargetDependency */,
				OBJ_298 /* PBXTargetDependency */,
				OBJ_299 /* PBXTargetDependency */,
				OBJ_300 /* PBXTargetDependency */,
				OBJ_301 /* PBXTargetDependency */,
			);
			name = DIKit;
			productName = DIKit;
			productReference = OBJ_132 /* DIKit.framework */;
			productType = "com.apple.product-type.framework";
		};
		OBJ_302 /* dikitgen */ = {
			isa = PBXNativeTarget;
			buildConfigurationList = OBJ_303 /* Build configuration list for PBXNativeTarget "dikitgen" */;
			buildPhases = (
				OBJ_306 /* Sources */,
				OBJ_317 /* Frameworks */,
			);
			buildRules = (
			);
			dependencies = (
				OBJ_325 /* PBXTargetDependency */,
				OBJ_326 /* PBXTargetDependency */,
				OBJ_327 /* PBXTargetDependency */,
				OBJ_328 /* PBXTargetDependency */,
				OBJ_329 /* PBXTargetDependency */,
				OBJ_330 /* PBXTargetDependency */,
				OBJ_331 /* PBXTargetDependency */,
			);
			name = dikitgen;
			productName = dikitgen;
			productReference = OBJ_133 /* dikitgen */;
			productType = "com.apple.product-type.tool";
		};
/* End PBXNativeTarget section */

/* Begin PBXProject section */
		OBJ_1 /* Project object */ = {
			isa = PBXProject;
			attributes = {
				LastUpgradeCheck = 9999;
			};
			buildConfigurationList = OBJ_2 /* Build configuration list for PBXProject "DIKit" */;
			compatibilityVersion = "Xcode 3.2";
			developmentRegion = English;
			hasScannedForEncodings = 0;
			knownRegions = (
				en,
			);
			mainGroup = OBJ_5;
			productRefGroup = OBJ_124 /* Products */;
			projectDirPath = "";
			projectRoot = "";
			targets = (
				OBJ_134 /* Result */,
				OBJ_142 /* Commandant */,
				OBJ_160 /* SWXMLHash */,
				OBJ_168 /* CYaml */,
				OBJ_183 /* Yams */,
				OBJ_204 /* sourcekitten */,
				OBJ_232 /* SourceKittenFramework */,
				OBJ_282 /* DIKit */,
				OBJ_302 /* dikitgen */,
			);
		};
/* End PBXProject section */

/* Begin PBXShellScriptBuildPhase section */
		OBJ_172 /* ShellScript */ = {
			isa = PBXShellScriptBuildPhase;
			buildActionMask = 0;
			files = (
			);
			runOnlyForDeploymentPostprocessing = 0;
			shellPath = /bin/sh;
			shellScript = "mkdir -p \"${PROJECT_TEMP_DIR}/SymlinkLibs\"\nln -sf \"${BUILT_PRODUCTS_DIR}/${EXECUTABLE_PATH}\" \"${PROJECT_TEMP_DIR}/SymlinkLibs/lib${EXECUTABLE_NAME}.dylib\"\n";
		};
/* End PBXShellScriptBuildPhase section */

/* Begin PBXSourcesBuildPhase section */
		OBJ_138 /* Sources */ = {
			isa = PBXSourcesBuildPhase;
			buildActionMask = 0;
			files = (
				OBJ_139 /* Result.swift in Sources */,
				OBJ_140 /* ResultProtocol.swift in Sources */,
			);
			runOnlyForDeploymentPostprocessing = 0;
		};
		OBJ_146 /* Sources */ = {
			isa = PBXSourcesBuildPhase;
			buildActionMask = 0;
			files = (
				OBJ_147 /* Argument.swift in Sources */,
				OBJ_148 /* ArgumentParser.swift in Sources */,
				OBJ_149 /* ArgumentProtocol.swift in Sources */,
				OBJ_150 /* Command.swift in Sources */,
				OBJ_151 /* Errors.swift in Sources */,
				OBJ_152 /* Extensions.swift in Sources */,
				OBJ_153 /* HelpCommand.swift in Sources */,
				OBJ_154 /* LinuxSupport.swift in Sources */,
				OBJ_155 /* Option.swift in Sources */,
				OBJ_156 /* Switch.swift in Sources */,
			);
			runOnlyForDeploymentPostprocessing = 0;
		};
		OBJ_164 /* Sources */ = {
			isa = PBXSourcesBuildPhase;
			buildActionMask = 0;
			files = (
				OBJ_165 /* SWXMLHash+TypeConversion.swift in Sources */,
				OBJ_166 /* SWXMLHash.swift in Sources */,
			);
			runOnlyForDeploymentPostprocessing = 0;
		};
		OBJ_173 /* Sources */ = {
			isa = PBXSourcesBuildPhase;
			buildActionMask = 0;
			files = (
				OBJ_174 /* api.c in Sources */,
				OBJ_175 /* dumper.c in Sources */,
				OBJ_176 /* emitter.c in Sources */,
				OBJ_177 /* loader.c in Sources */,
				OBJ_178 /* parser.c in Sources */,
				OBJ_179 /* reader.c in Sources */,
				OBJ_180 /* scanner.c in Sources */,
				OBJ_181 /* writer.c in Sources */,
			);
			runOnlyForDeploymentPostprocessing = 0;
		};
		OBJ_187 /* Sources */ = {
			isa = PBXSourcesBuildPhase;
			buildActionMask = 0;
			files = (
				OBJ_188 /* Constructor.swift in Sources */,
				OBJ_189 /* Emitter.swift in Sources */,
				OBJ_190 /* Mark.swift in Sources */,
				OBJ_191 /* Node.Mapping.swift in Sources */,
				OBJ_192 /* Node.Scalar.swift in Sources */,
				OBJ_193 /* Node.Sequence.swift in Sources */,
				OBJ_194 /* Node.swift in Sources */,
				OBJ_195 /* Parser.swift in Sources */,
				OBJ_196 /* Representer.swift in Sources */,
				OBJ_197 /* Resolver.swift in Sources */,
				OBJ_198 /* String+Yams.swift in Sources */,
				OBJ_199 /* Tag.swift in Sources */,
				OBJ_200 /* YamlError.swift in Sources */,
			);
			runOnlyForDeploymentPostprocessing = 0;
		};
		OBJ_208 /* Sources */ = {
			isa = PBXSourcesBuildPhase;
			buildActionMask = 0;
			files = (
				OBJ_209 /* CompleteCommand.swift in Sources */,
				OBJ_210 /* DocCommand.swift in Sources */,
				OBJ_211 /* Errors.swift in Sources */,
				OBJ_212 /* FormatCommand.swift in Sources */,
				OBJ_213 /* IndexCommand.swift in Sources */,
				OBJ_214 /* main.swift in Sources */,
				OBJ_215 /* StructureCommand.swift in Sources */,
				OBJ_216 /* SyntaxCommand.swift in Sources */,
				OBJ_217 /* VersionCommand.swift in Sources */,
				OBJ_218 /* YamlRequestCommand.swift in Sources */,
			);
			runOnlyForDeploymentPostprocessing = 0;
		};
		OBJ_236 /* Sources */ = {
			isa = PBXSourcesBuildPhase;
			buildActionMask = 0;
			files = (
				OBJ_237 /* Clang+SourceKitten.swift in Sources */,
				OBJ_238 /* ClangTranslationUnit.swift in Sources */,
				OBJ_239 /* CodeCompletionItem.swift in Sources */,
				OBJ_240 /* Dictionary+Merge.swift in Sources */,
				OBJ_241 /* Documentation.swift in Sources */,
				OBJ_242 /* File.swift in Sources */,
				OBJ_243 /* JSONOutput.swift in Sources */,
				OBJ_244 /* Language.swift in Sources */,
				OBJ_245 /* library_wrapper.swift in Sources */,
				OBJ_246 /* library_wrapper_CXString.swift in Sources */,
				OBJ_247 /* library_wrapper_Documentation.swift in Sources */,
				OBJ_248 /* library_wrapper_Index.swift in Sources */,
				OBJ_249 /* library_wrapper_sourcekitd.swift in Sources */,
				OBJ_250 /* LinuxCompatibility.swift in Sources */,
				OBJ_251 /* Module.swift in Sources */,
				OBJ_252 /* ObjCDeclarationKind.swift in Sources */,
				OBJ_253 /* OffsetMap.swift in Sources */,
				OBJ_254 /* Parameter.swift in Sources */,
				OBJ_255 /* Request.swift in Sources */,
				OBJ_256 /* SourceDeclaration.swift in Sources */,
				OBJ_257 /* SourceLocation.swift in Sources */,
				OBJ_258 /* StatementKind.swift in Sources */,
				OBJ_259 /* String+SourceKitten.swift in Sources */,
				OBJ_260 /* Structure.swift in Sources */,
				OBJ_261 /* SwiftDeclarationKind.swift in Sources */,
				OBJ_262 /* SwiftDocKey.swift in Sources */,
				OBJ_263 /* SwiftDocs.swift in Sources */,
				OBJ_264 /* SwiftLangSyntax.swift in Sources */,
				OBJ_265 /* SyntaxKind.swift in Sources */,
				OBJ_266 /* SyntaxMap.swift in Sources */,
				OBJ_267 /* SyntaxToken.swift in Sources */,
				OBJ_268 /* Text.swift in Sources */,
				OBJ_269 /* Version.swift in Sources */,
				OBJ_270 /* Xcode.swift in Sources */,
			);
			runOnlyForDeploymentPostprocessing = 0;
		};
		OBJ_286 /* Sources */ = {
			isa = PBXSourcesBuildPhase;
			buildActionMask = 0;
			files = (
				OBJ_287 /* Injectable.swift in Sources */,
			);
			runOnlyForDeploymentPostprocessing = 0;
		};
		OBJ_306 /* Sources */ = {
			isa = PBXSourcesBuildPhase;
			buildActionMask = 0;
			files = (
				OBJ_307 /* Code.swift in Sources */,
				7F9F2CF01F376B6F00BE097F /* Node.swift in Sources */,
				OBJ_308 /* main.swift in Sources */,
				OBJ_309 /* Function.swift in Sources */,
				OBJ_310 /* Property.swift in Sources */,
				7FB1CF4A1EDD1BEB00A1C514 /* Extension.swift in Sources */,
				OBJ_311 /* Type.swift in Sources */,
				7F9F2CEE1F37683000BE097F /* Graph.swift in Sources */,
				OBJ_312 /* String+Name.swift in Sources */,
				OBJ_313 /* Structure+Property.swift in Sources */,
			);
			runOnlyForDeploymentPostprocessing = 0;
		};
/* End PBXSourcesBuildPhase section */

/* Begin PBXTargetDependency section */
		OBJ_159 /* PBXTargetDependency */ = {
			isa = PBXTargetDependency;
			target = OBJ_134 /* Result */;
			targetProxy = 7FB1CF301EDC20FF00A1C514 /* PBXContainerItemProxy */;
		};
		OBJ_203 /* PBXTargetDependency */ = {
			isa = PBXTargetDependency;
			target = OBJ_168 /* CYaml */;
			targetProxy = 7FB1CF341EDC20FF00A1C514 /* PBXContainerItemProxy */;
		};
		OBJ_226 /* PBXTargetDependency */ = {
			isa = PBXTargetDependency;
			target = OBJ_134 /* Result */;
			targetProxy = 7FB1CF421EDC210000A1C514 /* PBXContainerItemProxy */;
		};
		OBJ_227 /* PBXTargetDependency */ = {
			isa = PBXTargetDependency;
			target = OBJ_142 /* Commandant */;
			targetProxy = 7FB1CF431EDC210000A1C514 /* PBXContainerItemProxy */;
		};
		OBJ_228 /* PBXTargetDependency */ = {
			isa = PBXTargetDependency;
			target = OBJ_160 /* SWXMLHash */;
			targetProxy = 7FB1CF441EDC210000A1C514 /* PBXContainerItemProxy */;
		};
		OBJ_229 /* PBXTargetDependency */ = {
			isa = PBXTargetDependency;
			target = OBJ_168 /* CYaml */;
			targetProxy = 7FB1CF451EDC210000A1C514 /* PBXContainerItemProxy */;
		};
		OBJ_230 /* PBXTargetDependency */ = {
			isa = PBXTargetDependency;
			target = OBJ_183 /* Yams */;
			targetProxy = 7FB1CF461EDC210000A1C514 /* PBXContainerItemProxy */;
		};
		OBJ_231 /* PBXTargetDependency */ = {
			isa = PBXTargetDependency;
			target = OBJ_232 /* SourceKittenFramework */;
			targetProxy = 7FB1CF471EDC210000A1C514 /* PBXContainerItemProxy */;
		};
		OBJ_277 /* PBXTargetDependency */ = {
			isa = PBXTargetDependency;
			target = OBJ_134 /* Result */;
			targetProxy = 7FB1CF361EDC20FF00A1C514 /* PBXContainerItemProxy */;
		};
		OBJ_278 /* PBXTargetDependency */ = {
			isa = PBXTargetDependency;
			target = OBJ_142 /* Commandant */;
			targetProxy = 7FB1CF371EDC20FF00A1C514 /* PBXContainerItemProxy */;
		};
		OBJ_279 /* PBXTargetDependency */ = {
			isa = PBXTargetDependency;
			target = OBJ_160 /* SWXMLHash */;
			targetProxy = 7FB1CF381EDC20FF00A1C514 /* PBXContainerItemProxy */;
		};
		OBJ_280 /* PBXTargetDependency */ = {
			isa = PBXTargetDependency;
			target = OBJ_168 /* CYaml */;
			targetProxy = 7FB1CF391EDC20FF00A1C514 /* PBXContainerItemProxy */;
		};
		OBJ_281 /* PBXTargetDependency */ = {
			isa = PBXTargetDependency;
			target = OBJ_183 /* Yams */;
			targetProxy = 7FB1CF3A1EDC20FF00A1C514 /* PBXContainerItemProxy */;
		};
		OBJ_296 /* PBXTargetDependency */ = {
			isa = PBXTargetDependency;
			target = OBJ_134 /* Result */;
			targetProxy = 7FB1CF3C1EDC20FF00A1C514 /* PBXContainerItemProxy */;
		};
		OBJ_297 /* PBXTargetDependency */ = {
			isa = PBXTargetDependency;
			target = OBJ_142 /* Commandant */;
			targetProxy = 7FB1CF3D1EDC20FF00A1C514 /* PBXContainerItemProxy */;
		};
		OBJ_298 /* PBXTargetDependency */ = {
			isa = PBXTargetDependency;
			target = OBJ_160 /* SWXMLHash */;
			targetProxy = 7FB1CF3E1EDC20FF00A1C514 /* PBXContainerItemProxy */;
		};
		OBJ_299 /* PBXTargetDependency */ = {
			isa = PBXTargetDependency;
			target = OBJ_168 /* CYaml */;
			targetProxy = 7FB1CF3F1EDC20FF00A1C514 /* PBXContainerItemProxy */;
		};
		OBJ_300 /* PBXTargetDependency */ = {
			isa = PBXTargetDependency;
			target = OBJ_183 /* Yams */;
			targetProxy = 7FB1CF401EDC20FF00A1C514 /* PBXContainerItemProxy */;
		};
		OBJ_301 /* PBXTargetDependency */ = {
			isa = PBXTargetDependency;
			target = OBJ_232 /* SourceKittenFramework */;
			targetProxy = 7FB1CF411EDC20FF00A1C514 /* PBXContainerItemProxy */;
		};
		OBJ_325 /* PBXTargetDependency */ = {
			isa = PBXTargetDependency;
			target = OBJ_134 /* Result */;
			targetProxy = 7FB1CF2E1EDC20FF00A1C514 /* PBXContainerItemProxy */;
		};
		OBJ_326 /* PBXTargetDependency */ = {
			isa = PBXTargetDependency;
			target = OBJ_142 /* Commandant */;
			targetProxy = 7FB1CF2F1EDC20FF00A1C514 /* PBXContainerItemProxy */;
		};
		OBJ_327 /* PBXTargetDependency */ = {
			isa = PBXTargetDependency;
			target = OBJ_160 /* SWXMLHash */;
			targetProxy = 7FB1CF311EDC20FF00A1C514 /* PBXContainerItemProxy */;
		};
		OBJ_328 /* PBXTargetDependency */ = {
			isa = PBXTargetDependency;
			target = OBJ_168 /* CYaml */;
			targetProxy = 7FB1CF321EDC20FF00A1C514 /* PBXContainerItemProxy */;
		};
		OBJ_329 /* PBXTargetDependency */ = {
			isa = PBXTargetDependency;
			target = OBJ_183 /* Yams */;
			targetProxy = 7FB1CF331EDC20FF00A1C514 /* PBXContainerItemProxy */;
		};
		OBJ_330 /* PBXTargetDependency */ = {
			isa = PBXTargetDependency;
			target = OBJ_232 /* SourceKittenFramework */;
			targetProxy = 7FB1CF351EDC20FF00A1C514 /* PBXContainerItemProxy */;
		};
		OBJ_331 /* PBXTargetDependency */ = {
			isa = PBXTargetDependency;
			target = OBJ_282 /* DIKit */;
			targetProxy = 7FB1CF3B1EDC20FF00A1C514 /* PBXContainerItemProxy */;
		};
/* End PBXTargetDependency section */

/* Begin XCBuildConfiguration section */
		OBJ_136 /* Debug */ = {
			isa = XCBuildConfiguration;
			buildSettings = {
				ENABLE_TESTABILITY = YES;
				FRAMEWORK_SEARCH_PATHS = (
					"$(inherited)",
					"$(PLATFORM_DIR)/Developer/Library/Frameworks",
				);
				HEADER_SEARCH_PATHS = "$(inherited)";
				INFOPLIST_FILE = DIKit.xcodeproj/Result_Info.plist;
				LD_RUNPATH_SEARCH_PATHS = "$(TOOLCHAIN_DIR)/usr/lib/swift/macosx";
				OTHER_LDFLAGS = "$(inherited)";
				OTHER_SWIFT_FLAGS = "$(inherited)";
				PRODUCT_BUNDLE_IDENTIFIER = Result;
				PRODUCT_MODULE_NAME = "$(TARGET_NAME:c99extidentifier)";
				PRODUCT_NAME = "$(TARGET_NAME:c99extidentifier)";
				SKIP_INSTALL = YES;
				TARGET_NAME = Result;
			};
			name = Debug;
		};
		OBJ_137 /* Release */ = {
			isa = XCBuildConfiguration;
			buildSettings = {
				ENABLE_TESTABILITY = YES;
				FRAMEWORK_SEARCH_PATHS = (
					"$(inherited)",
					"$(PLATFORM_DIR)/Developer/Library/Frameworks",
				);
				HEADER_SEARCH_PATHS = "$(inherited)";
				INFOPLIST_FILE = DIKit.xcodeproj/Result_Info.plist;
				LD_RUNPATH_SEARCH_PATHS = "$(TOOLCHAIN_DIR)/usr/lib/swift/macosx";
				OTHER_LDFLAGS = "$(inherited)";
				OTHER_SWIFT_FLAGS = "$(inherited)";
				PRODUCT_BUNDLE_IDENTIFIER = Result;
				PRODUCT_MODULE_NAME = "$(TARGET_NAME:c99extidentifier)";
				PRODUCT_NAME = "$(TARGET_NAME:c99extidentifier)";
				SKIP_INSTALL = YES;
				TARGET_NAME = Result;
			};
			name = Release;
		};
		OBJ_144 /* Debug */ = {
			isa = XCBuildConfiguration;
			buildSettings = {
				ENABLE_TESTABILITY = YES;
				FRAMEWORK_SEARCH_PATHS = (
					"$(inherited)",
					"$(PLATFORM_DIR)/Developer/Library/Frameworks",
				);
				HEADER_SEARCH_PATHS = "$(inherited)";
				INFOPLIST_FILE = DIKit.xcodeproj/Commandant_Info.plist;
				LD_RUNPATH_SEARCH_PATHS = "$(TOOLCHAIN_DIR)/usr/lib/swift/macosx";
				OTHER_LDFLAGS = "$(inherited)";
				OTHER_SWIFT_FLAGS = "$(inherited)";
				PRODUCT_BUNDLE_IDENTIFIER = Commandant;
				PRODUCT_MODULE_NAME = "$(TARGET_NAME:c99extidentifier)";
				PRODUCT_NAME = "$(TARGET_NAME:c99extidentifier)";
				SKIP_INSTALL = YES;
				TARGET_NAME = Commandant;
			};
			name = Debug;
		};
		OBJ_145 /* Release */ = {
			isa = XCBuildConfiguration;
			buildSettings = {
				ENABLE_TESTABILITY = YES;
				FRAMEWORK_SEARCH_PATHS = (
					"$(inherited)",
					"$(PLATFORM_DIR)/Developer/Library/Frameworks",
				);
				HEADER_SEARCH_PATHS = "$(inherited)";
				INFOPLIST_FILE = DIKit.xcodeproj/Commandant_Info.plist;
				LD_RUNPATH_SEARCH_PATHS = "$(TOOLCHAIN_DIR)/usr/lib/swift/macosx";
				OTHER_LDFLAGS = "$(inherited)";
				OTHER_SWIFT_FLAGS = "$(inherited)";
				PRODUCT_BUNDLE_IDENTIFIER = Commandant;
				PRODUCT_MODULE_NAME = "$(TARGET_NAME:c99extidentifier)";
				PRODUCT_NAME = "$(TARGET_NAME:c99extidentifier)";
				SKIP_INSTALL = YES;
				TARGET_NAME = Commandant;
			};
			name = Release;
		};
		OBJ_162 /* Debug */ = {
			isa = XCBuildConfiguration;
			buildSettings = {
				ENABLE_TESTABILITY = YES;
				FRAMEWORK_SEARCH_PATHS = (
					"$(inherited)",
					"$(PLATFORM_DIR)/Developer/Library/Frameworks",
				);
				HEADER_SEARCH_PATHS = "$(inherited)";
				INFOPLIST_FILE = DIKit.xcodeproj/SWXMLHash_Info.plist;
				LD_RUNPATH_SEARCH_PATHS = "$(TOOLCHAIN_DIR)/usr/lib/swift/macosx";
				OTHER_LDFLAGS = "$(inherited)";
				OTHER_SWIFT_FLAGS = "$(inherited)";
				PRODUCT_BUNDLE_IDENTIFIER = SWXMLHash;
				PRODUCT_MODULE_NAME = "$(TARGET_NAME:c99extidentifier)";
				PRODUCT_NAME = "$(TARGET_NAME:c99extidentifier)";
				SKIP_INSTALL = YES;
				TARGET_NAME = SWXMLHash;
			};
			name = Debug;
		};
		OBJ_163 /* Release */ = {
			isa = XCBuildConfiguration;
			buildSettings = {
				ENABLE_TESTABILITY = YES;
				FRAMEWORK_SEARCH_PATHS = (
					"$(inherited)",
					"$(PLATFORM_DIR)/Developer/Library/Frameworks",
				);
				HEADER_SEARCH_PATHS = "$(inherited)";
				INFOPLIST_FILE = DIKit.xcodeproj/SWXMLHash_Info.plist;
				LD_RUNPATH_SEARCH_PATHS = "$(TOOLCHAIN_DIR)/usr/lib/swift/macosx";
				OTHER_LDFLAGS = "$(inherited)";
				OTHER_SWIFT_FLAGS = "$(inherited)";
				PRODUCT_BUNDLE_IDENTIFIER = SWXMLHash;
				PRODUCT_MODULE_NAME = "$(TARGET_NAME:c99extidentifier)";
				PRODUCT_NAME = "$(TARGET_NAME:c99extidentifier)";
				SKIP_INSTALL = YES;
				TARGET_NAME = SWXMLHash;
			};
			name = Release;
		};
		OBJ_170 /* Debug */ = {
			isa = XCBuildConfiguration;
			buildSettings = {
				DEFINES_MODULE = NO;
				ENABLE_TESTABILITY = YES;
				FRAMEWORK_SEARCH_PATHS = (
					"$(inherited)",
					"$(PLATFORM_DIR)/Developer/Library/Frameworks",
				);
				HEADER_SEARCH_PATHS = (
					"$(inherited)",
					"$(SRCROOT)/.build/checkouts/Yams.git-8068124914099325722/Sources/CYaml/include",
				);
				INFOPLIST_FILE = DIKit.xcodeproj/CYaml_Info.plist;
				LD_RUNPATH_SEARCH_PATHS = "$(TOOLCHAIN_DIR)/usr/lib/swift/macosx";
				OTHER_LDFLAGS = "$(inherited)";
				OTHER_SWIFT_FLAGS = "$(inherited)";
				PRODUCT_BUNDLE_IDENTIFIER = CYaml;
				PRODUCT_MODULE_NAME = "$(TARGET_NAME:c99extidentifier)";
				PRODUCT_NAME = "$(TARGET_NAME:c99extidentifier)";
				SKIP_INSTALL = YES;
				TARGET_NAME = CYaml;
			};
			name = Debug;
		};
		OBJ_171 /* Release */ = {
			isa = XCBuildConfiguration;
			buildSettings = {
				DEFINES_MODULE = NO;
				ENABLE_TESTABILITY = YES;
				FRAMEWORK_SEARCH_PATHS = (
					"$(inherited)",
					"$(PLATFORM_DIR)/Developer/Library/Frameworks",
				);
				HEADER_SEARCH_PATHS = (
					"$(inherited)",
					"$(SRCROOT)/.build/checkouts/Yams.git-8068124914099325722/Sources/CYaml/include",
				);
				INFOPLIST_FILE = DIKit.xcodeproj/CYaml_Info.plist;
				LD_RUNPATH_SEARCH_PATHS = "$(TOOLCHAIN_DIR)/usr/lib/swift/macosx";
				OTHER_LDFLAGS = "$(inherited)";
				OTHER_SWIFT_FLAGS = "$(inherited)";
				PRODUCT_BUNDLE_IDENTIFIER = CYaml;
				PRODUCT_MODULE_NAME = "$(TARGET_NAME:c99extidentifier)";
				PRODUCT_NAME = "$(TARGET_NAME:c99extidentifier)";
				SKIP_INSTALL = YES;
				TARGET_NAME = CYaml;
			};
			name = Release;
		};
		OBJ_185 /* Debug */ = {
			isa = XCBuildConfiguration;
			buildSettings = {
				ENABLE_TESTABILITY = YES;
				FRAMEWORK_SEARCH_PATHS = (
					"$(inherited)",
					"$(PLATFORM_DIR)/Developer/Library/Frameworks",
				);
				HEADER_SEARCH_PATHS = (
					"$(inherited)",
					"$(SRCROOT)/.build/checkouts/Yams.git-8068124914099325722/Sources/CYaml/include",
					"$(SRCROOT)/DIKit.xcodeproj/GeneratedModuleMap/CYaml",
				);
				INFOPLIST_FILE = DIKit.xcodeproj/Yams_Info.plist;
				LD_RUNPATH_SEARCH_PATHS = "$(TOOLCHAIN_DIR)/usr/lib/swift/macosx";
				LIBRARY_SEARCH_PATHS = "$(PROJECT_TEMP_DIR)/SymlinkLibs/";
				OTHER_LDFLAGS = "$(inherited)";
				OTHER_SWIFT_FLAGS = "$(inherited) -Xcc -fmodule-map-file=$(SRCROOT)/DIKit.xcodeproj/GeneratedModuleMap/CYaml/module.modulemap";
				PRODUCT_BUNDLE_IDENTIFIER = Yams;
				PRODUCT_MODULE_NAME = "$(TARGET_NAME:c99extidentifier)";
				PRODUCT_NAME = "$(TARGET_NAME:c99extidentifier)";
				SKIP_INSTALL = YES;
				TARGET_NAME = Yams;
			};
			name = Debug;
		};
		OBJ_186 /* Release */ = {
			isa = XCBuildConfiguration;
			buildSettings = {
				ENABLE_TESTABILITY = YES;
				FRAMEWORK_SEARCH_PATHS = (
					"$(inherited)",
					"$(PLATFORM_DIR)/Developer/Library/Frameworks",
				);
				HEADER_SEARCH_PATHS = (
					"$(inherited)",
					"$(SRCROOT)/.build/checkouts/Yams.git-8068124914099325722/Sources/CYaml/include",
					"$(SRCROOT)/DIKit.xcodeproj/GeneratedModuleMap/CYaml",
				);
				INFOPLIST_FILE = DIKit.xcodeproj/Yams_Info.plist;
				LD_RUNPATH_SEARCH_PATHS = "$(TOOLCHAIN_DIR)/usr/lib/swift/macosx";
				LIBRARY_SEARCH_PATHS = "$(PROJECT_TEMP_DIR)/SymlinkLibs/";
				OTHER_LDFLAGS = "$(inherited)";
				OTHER_SWIFT_FLAGS = "$(inherited) -Xcc -fmodule-map-file=$(SRCROOT)/DIKit.xcodeproj/GeneratedModuleMap/CYaml/module.modulemap";
				PRODUCT_BUNDLE_IDENTIFIER = Yams;
				PRODUCT_MODULE_NAME = "$(TARGET_NAME:c99extidentifier)";
				PRODUCT_NAME = "$(TARGET_NAME:c99extidentifier)";
				SKIP_INSTALL = YES;
				TARGET_NAME = Yams;
			};
			name = Release;
		};
		OBJ_206 /* Debug */ = {
			isa = XCBuildConfiguration;
			buildSettings = {
				FRAMEWORK_SEARCH_PATHS = (
					"$(inherited)",
					"$(PLATFORM_DIR)/Developer/Library/Frameworks",
				);
				HEADER_SEARCH_PATHS = (
					"$(inherited)",
					"$(SRCROOT)/.build/checkouts/Yams.git-8068124914099325722/Sources/CYaml/include",
					"$(SRCROOT)/.build/checkouts/Clang_C.git-5715122005051714050",
					"$(SRCROOT)/.build/checkouts/SourceKit.git-6033254968535974678",
					"$(SRCROOT)/DIKit.xcodeproj/GeneratedModuleMap/CYaml",
				);
				INFOPLIST_FILE = DIKit.xcodeproj/sourcekitten_Info.plist;
				LD_RUNPATH_SEARCH_PATHS = "$(TOOLCHAIN_DIR)/usr/lib/swift/macosx @executable_path";
				LIBRARY_SEARCH_PATHS = "$(PROJECT_TEMP_DIR)/SymlinkLibs/";
				OTHER_LDFLAGS = "$(inherited)";
				OTHER_SWIFT_FLAGS = "$(inherited) -Xcc -fmodule-map-file=$(SRCROOT)/DIKit.xcodeproj/GeneratedModuleMap/CYaml/module.modulemap";
				SWIFT_FORCE_DYNAMIC_LINK_STDLIB = YES;
				SWIFT_FORCE_STATIC_LINK_STDLIB = NO;
				TARGET_NAME = sourcekitten;
			};
			name = Debug;
		};
		OBJ_207 /* Release */ = {
			isa = XCBuildConfiguration;
			buildSettings = {
				FRAMEWORK_SEARCH_PATHS = (
					"$(inherited)",
					"$(PLATFORM_DIR)/Developer/Library/Frameworks",
				);
				HEADER_SEARCH_PATHS = (
					"$(inherited)",
					"$(SRCROOT)/.build/checkouts/Yams.git-8068124914099325722/Sources/CYaml/include",
					"$(SRCROOT)/.build/checkouts/Clang_C.git-5715122005051714050",
					"$(SRCROOT)/.build/checkouts/SourceKit.git-6033254968535974678",
					"$(SRCROOT)/DIKit.xcodeproj/GeneratedModuleMap/CYaml",
				);
				INFOPLIST_FILE = DIKit.xcodeproj/sourcekitten_Info.plist;
				LD_RUNPATH_SEARCH_PATHS = "$(TOOLCHAIN_DIR)/usr/lib/swift/macosx @executable_path";
				LIBRARY_SEARCH_PATHS = "$(PROJECT_TEMP_DIR)/SymlinkLibs/";
				OTHER_LDFLAGS = "$(inherited)";
				OTHER_SWIFT_FLAGS = "$(inherited) -Xcc -fmodule-map-file=$(SRCROOT)/DIKit.xcodeproj/GeneratedModuleMap/CYaml/module.modulemap";
				SWIFT_FORCE_DYNAMIC_LINK_STDLIB = YES;
				SWIFT_FORCE_STATIC_LINK_STDLIB = NO;
				TARGET_NAME = sourcekitten;
			};
			name = Release;
		};
		OBJ_234 /* Debug */ = {
			isa = XCBuildConfiguration;
			buildSettings = {
				ENABLE_TESTABILITY = YES;
				FRAMEWORK_SEARCH_PATHS = (
					"$(inherited)",
					"$(PLATFORM_DIR)/Developer/Library/Frameworks",
				);
				HEADER_SEARCH_PATHS = (
					"$(inherited)",
					"$(SRCROOT)/.build/checkouts/Yams.git-8068124914099325722/Sources/CYaml/include",
					"$(SRCROOT)/.build/checkouts/Clang_C.git-5715122005051714050",
					"$(SRCROOT)/.build/checkouts/SourceKit.git-6033254968535974678",
					"$(SRCROOT)/DIKit.xcodeproj/GeneratedModuleMap/CYaml",
				);
				INFOPLIST_FILE = DIKit.xcodeproj/SourceKittenFramework_Info.plist;
				LD_RUNPATH_SEARCH_PATHS = "$(TOOLCHAIN_DIR)/usr/lib/swift/macosx";
				LIBRARY_SEARCH_PATHS = "$(PROJECT_TEMP_DIR)/SymlinkLibs/";
				OTHER_LDFLAGS = "$(inherited)";
				OTHER_SWIFT_FLAGS = "$(inherited) -Xcc -fmodule-map-file=$(SRCROOT)/DIKit.xcodeproj/GeneratedModuleMap/CYaml/module.modulemap";
				PRODUCT_BUNDLE_IDENTIFIER = SourceKittenFramework;
				PRODUCT_MODULE_NAME = "$(TARGET_NAME:c99extidentifier)";
				PRODUCT_NAME = "$(TARGET_NAME:c99extidentifier)";
				SKIP_INSTALL = YES;
				TARGET_NAME = SourceKittenFramework;
			};
			name = Debug;
		};
		OBJ_235 /* Release */ = {
			isa = XCBuildConfiguration;
			buildSettings = {
				ENABLE_TESTABILITY = YES;
				FRAMEWORK_SEARCH_PATHS = (
					"$(inherited)",
					"$(PLATFORM_DIR)/Developer/Library/Frameworks",
				);
				HEADER_SEARCH_PATHS = (
					"$(inherited)",
					"$(SRCROOT)/.build/checkouts/Yams.git-8068124914099325722/Sources/CYaml/include",
					"$(SRCROOT)/.build/checkouts/Clang_C.git-5715122005051714050",
					"$(SRCROOT)/.build/checkouts/SourceKit.git-6033254968535974678",
					"$(SRCROOT)/DIKit.xcodeproj/GeneratedModuleMap/CYaml",
				);
				INFOPLIST_FILE = DIKit.xcodeproj/SourceKittenFramework_Info.plist;
				LD_RUNPATH_SEARCH_PATHS = "$(TOOLCHAIN_DIR)/usr/lib/swift/macosx";
				LIBRARY_SEARCH_PATHS = "$(PROJECT_TEMP_DIR)/SymlinkLibs/";
				OTHER_LDFLAGS = "$(inherited)";
				OTHER_SWIFT_FLAGS = "$(inherited) -Xcc -fmodule-map-file=$(SRCROOT)/DIKit.xcodeproj/GeneratedModuleMap/CYaml/module.modulemap";
				PRODUCT_BUNDLE_IDENTIFIER = SourceKittenFramework;
				PRODUCT_MODULE_NAME = "$(TARGET_NAME:c99extidentifier)";
				PRODUCT_NAME = "$(TARGET_NAME:c99extidentifier)";
				SKIP_INSTALL = YES;
				TARGET_NAME = SourceKittenFramework;
			};
			name = Release;
		};
		OBJ_284 /* Debug */ = {
			isa = XCBuildConfiguration;
			buildSettings = {
				ENABLE_TESTABILITY = YES;
				FRAMEWORK_SEARCH_PATHS = (
					"$(inherited)",
					"$(PLATFORM_DIR)/Developer/Library/Frameworks",
				);
				HEADER_SEARCH_PATHS = (
					"$(inherited)",
					"$(SRCROOT)/.build/checkouts/Yams.git-8068124914099325722/Sources/CYaml/include",
					"$(SRCROOT)/.build/checkouts/Clang_C.git-5715122005051714050",
					"$(SRCROOT)/.build/checkouts/SourceKit.git-6033254968535974678",
					"$(SRCROOT)/DIKit.xcodeproj/GeneratedModuleMap/CYaml",
				);
				INFOPLIST_FILE = DIKit.xcodeproj/DIKit_Info.plist;
				LD_RUNPATH_SEARCH_PATHS = "$(TOOLCHAIN_DIR)/usr/lib/swift/macosx";
				LIBRARY_SEARCH_PATHS = "$(PROJECT_TEMP_DIR)/SymlinkLibs/";
				OTHER_LDFLAGS = "$(inherited)";
				OTHER_SWIFT_FLAGS = "$(inherited) -Xcc -fmodule-map-file=$(SRCROOT)/DIKit.xcodeproj/GeneratedModuleMap/CYaml/module.modulemap";
				PRODUCT_BUNDLE_IDENTIFIER = DIKit;
				PRODUCT_MODULE_NAME = "$(TARGET_NAME:c99extidentifier)";
				PRODUCT_NAME = "$(TARGET_NAME:c99extidentifier)";
				SKIP_INSTALL = YES;
				TARGET_NAME = DIKit;
			};
			name = Debug;
		};
		OBJ_285 /* Release */ = {
			isa = XCBuildConfiguration;
			buildSettings = {
				ENABLE_TESTABILITY = YES;
				FRAMEWORK_SEARCH_PATHS = (
					"$(inherited)",
					"$(PLATFORM_DIR)/Developer/Library/Frameworks",
				);
				HEADER_SEARCH_PATHS = (
					"$(inherited)",
					"$(SRCROOT)/.build/checkouts/Yams.git-8068124914099325722/Sources/CYaml/include",
					"$(SRCROOT)/.build/checkouts/Clang_C.git-5715122005051714050",
					"$(SRCROOT)/.build/checkouts/SourceKit.git-6033254968535974678",
					"$(SRCROOT)/DIKit.xcodeproj/GeneratedModuleMap/CYaml",
				);
				INFOPLIST_FILE = DIKit.xcodeproj/DIKit_Info.plist;
				LD_RUNPATH_SEARCH_PATHS = "$(TOOLCHAIN_DIR)/usr/lib/swift/macosx";
				LIBRARY_SEARCH_PATHS = "$(PROJECT_TEMP_DIR)/SymlinkLibs/";
				OTHER_LDFLAGS = "$(inherited)";
				OTHER_SWIFT_FLAGS = "$(inherited) -Xcc -fmodule-map-file=$(SRCROOT)/DIKit.xcodeproj/GeneratedModuleMap/CYaml/module.modulemap";
				PRODUCT_BUNDLE_IDENTIFIER = DIKit;
				PRODUCT_MODULE_NAME = "$(TARGET_NAME:c99extidentifier)";
				PRODUCT_NAME = "$(TARGET_NAME:c99extidentifier)";
				SKIP_INSTALL = YES;
				TARGET_NAME = DIKit;
			};
			name = Release;
		};
		OBJ_3 /* Debug */ = {
			isa = XCBuildConfiguration;
			buildSettings = {
				CLANG_ENABLE_OBJC_ARC = YES;
				COMBINE_HIDPI_IMAGES = YES;
				COPY_PHASE_STRIP = NO;
				DEBUG_INFORMATION_FORMAT = dwarf;
				DYLIB_INSTALL_NAME_BASE = "@rpath";
				ENABLE_NS_ASSERTIONS = YES;
				GCC_OPTIMIZATION_LEVEL = 0;
				MACOSX_DEPLOYMENT_TARGET = 10.10;
				ONLY_ACTIVE_ARCH = YES;
				OTHER_SWIFT_FLAGS = "-DXcode";
				PRODUCT_NAME = "$(TARGET_NAME)";
				SDKROOT = macosx;
				SUPPORTED_PLATFORMS = "macosx iphoneos iphonesimulator appletvos appletvsimulator watchos watchsimulator";
				SWIFT_ACTIVE_COMPILATION_CONDITIONS = SWIFT_PACKAGE;
				SWIFT_OPTIMIZATION_LEVEL = "-Onone";
				SWIFT_VERSION = 3.0;
				USE_HEADERMAP = NO;
			};
			name = Debug;
		};
		OBJ_304 /* Debug */ = {
			isa = XCBuildConfiguration;
			buildSettings = {
				FRAMEWORK_SEARCH_PATHS = (
					"$(inherited)",
					"$(PLATFORM_DIR)/Developer/Library/Frameworks",
				);
				HEADER_SEARCH_PATHS = (
					"$(inherited)",
					"$(SRCROOT)/.build/checkouts/Yams.git-8068124914099325722/Sources/CYaml/include",
					"$(SRCROOT)/.build/checkouts/Clang_C.git-5715122005051714050",
					"$(SRCROOT)/.build/checkouts/SourceKit.git-6033254968535974678",
					"$(SRCROOT)/DIKit.xcodeproj/GeneratedModuleMap/CYaml",
				);
				INFOPLIST_FILE = DIKit.xcodeproj/dikitgen_Info.plist;
				LD_RUNPATH_SEARCH_PATHS = "$(TOOLCHAIN_DIR)/usr/lib/swift/macosx @executable_path";
				LIBRARY_SEARCH_PATHS = "$(PROJECT_TEMP_DIR)/SymlinkLibs/";
				OTHER_LDFLAGS = "$(inherited)";
				OTHER_SWIFT_FLAGS = "$(inherited) -Xcc -fmodule-map-file=$(SRCROOT)/DIKit.xcodeproj/GeneratedModuleMap/CYaml/module.modulemap";
				SWIFT_FORCE_DYNAMIC_LINK_STDLIB = YES;
				SWIFT_FORCE_STATIC_LINK_STDLIB = NO;
				TARGET_NAME = dikitgen;
			};
			name = Debug;
		};
		OBJ_305 /* Release */ = {
			isa = XCBuildConfiguration;
			buildSettings = {
				FRAMEWORK_SEARCH_PATHS = (
					"$(inherited)",
					"$(PLATFORM_DIR)/Developer/Library/Frameworks",
				);
				HEADER_SEARCH_PATHS = (
					"$(inherited)",
					"$(SRCROOT)/.build/checkouts/Yams.git-8068124914099325722/Sources/CYaml/include",
					"$(SRCROOT)/.build/checkouts/Clang_C.git-5715122005051714050",
					"$(SRCROOT)/.build/checkouts/SourceKit.git-6033254968535974678",
					"$(SRCROOT)/DIKit.xcodeproj/GeneratedModuleMap/CYaml",
				);
				INFOPLIST_FILE = DIKit.xcodeproj/dikitgen_Info.plist;
				LD_RUNPATH_SEARCH_PATHS = "$(TOOLCHAIN_DIR)/usr/lib/swift/macosx @executable_path";
				LIBRARY_SEARCH_PATHS = "$(PROJECT_TEMP_DIR)/SymlinkLibs/";
				OTHER_LDFLAGS = "$(inherited)";
				OTHER_SWIFT_FLAGS = "$(inherited) -Xcc -fmodule-map-file=$(SRCROOT)/DIKit.xcodeproj/GeneratedModuleMap/CYaml/module.modulemap";
				SWIFT_FORCE_DYNAMIC_LINK_STDLIB = YES;
				SWIFT_FORCE_STATIC_LINK_STDLIB = NO;
				TARGET_NAME = dikitgen;
			};
			name = Release;
		};
		OBJ_4 /* Release */ = {
			isa = XCBuildConfiguration;
			buildSettings = {
				CLANG_ENABLE_OBJC_ARC = YES;
				COMBINE_HIDPI_IMAGES = YES;
				COPY_PHASE_STRIP = YES;
				DEBUG_INFORMATION_FORMAT = "dwarf-with-dsym";
				DYLIB_INSTALL_NAME_BASE = "@rpath";
				GCC_OPTIMIZATION_LEVEL = s;
				MACOSX_DEPLOYMENT_TARGET = 10.10;
				OTHER_SWIFT_FLAGS = "-DXcode";
				PRODUCT_NAME = "$(TARGET_NAME)";
				SDKROOT = macosx;
				SUPPORTED_PLATFORMS = "macosx iphoneos iphonesimulator appletvos appletvsimulator watchos watchsimulator";
				SWIFT_ACTIVE_COMPILATION_CONDITIONS = SWIFT_PACKAGE;
				SWIFT_OPTIMIZATION_LEVEL = "-Owholemodule";
				SWIFT_VERSION = 3.0;
				USE_HEADERMAP = NO;
			};
			name = Release;
		};
/* End XCBuildConfiguration section */

/* Begin XCConfigurationList section */
		OBJ_135 /* Build configuration list for PBXNativeTarget "Result" */ = {
			isa = XCConfigurationList;
			buildConfigurations = (
				OBJ_136 /* Debug */,
				OBJ_137 /* Release */,
			);
			defaultConfigurationIsVisible = 0;
			defaultConfigurationName = Debug;
		};
		OBJ_143 /* Build configuration list for PBXNativeTarget "Commandant" */ = {
			isa = XCConfigurationList;
			buildConfigurations = (
				OBJ_144 /* Debug */,
				OBJ_145 /* Release */,
			);
			defaultConfigurationIsVisible = 0;
			defaultConfigurationName = Debug;
		};
		OBJ_161 /* Build configuration list for PBXNativeTarget "SWXMLHash" */ = {
			isa = XCConfigurationList;
			buildConfigurations = (
				OBJ_162 /* Debug */,
				OBJ_163 /* Release */,
			);
			defaultConfigurationIsVisible = 0;
			defaultConfigurationName = Debug;
		};
		OBJ_169 /* Build configuration list for PBXNativeTarget "CYaml" */ = {
			isa = XCConfigurationList;
			buildConfigurations = (
				OBJ_170 /* Debug */,
				OBJ_171 /* Release */,
			);
			defaultConfigurationIsVisible = 0;
			defaultConfigurationName = Debug;
		};
		OBJ_184 /* Build configuration list for PBXNativeTarget "Yams" */ = {
			isa = XCConfigurationList;
			buildConfigurations = (
				OBJ_185 /* Debug */,
				OBJ_186 /* Release */,
			);
			defaultConfigurationIsVisible = 0;
			defaultConfigurationName = Debug;
		};
		OBJ_2 /* Build configuration list for PBXProject "DIKit" */ = {
			isa = XCConfigurationList;
			buildConfigurations = (
				OBJ_3 /* Debug */,
				OBJ_4 /* Release */,
			);
			defaultConfigurationIsVisible = 0;
			defaultConfigurationName = Debug;
		};
		OBJ_205 /* Build configuration list for PBXNativeTarget "sourcekitten" */ = {
			isa = XCConfigurationList;
			buildConfigurations = (
				OBJ_206 /* Debug */,
				OBJ_207 /* Release */,
			);
			defaultConfigurationIsVisible = 0;
			defaultConfigurationName = Debug;
		};
		OBJ_233 /* Build configuration list for PBXNativeTarget "SourceKittenFramework" */ = {
			isa = XCConfigurationList;
			buildConfigurations = (
				OBJ_234 /* Debug */,
				OBJ_235 /* Release */,
			);
			defaultConfigurationIsVisible = 0;
			defaultConfigurationName = Debug;
		};
		OBJ_283 /* Build configuration list for PBXNativeTarget "DIKit" */ = {
			isa = XCConfigurationList;
			buildConfigurations = (
				OBJ_284 /* Debug */,
				OBJ_285 /* Release */,
			);
			defaultConfigurationIsVisible = 0;
			defaultConfigurationName = Debug;
		};
		OBJ_303 /* Build configuration list for PBXNativeTarget "dikitgen" */ = {
			isa = XCConfigurationList;
			buildConfigurations = (
				OBJ_304 /* Debug */,
				OBJ_305 /* Release */,
			);
			defaultConfigurationIsVisible = 0;
			defaultConfigurationName = Debug;
		};
/* End XCConfigurationList section */
	};
	rootObject = OBJ_1 /* Project object */;
}
